Microsoft Visual Studio Solution File, Format Version 8.00
Project("{8BC9CEB8-8B4A-11D0-8D11-00A0C91BC942}") = "All", "BuildAll.vcproj", "{E462C77A-D300-4DB0-B318-0497ECD358A7}"
	ProjectSection(ProjectDependencies) = postProject
		{1B936E04-B2CF-4C11-9781-7F03AA020039} = {1B936E04-B2CF-4C11-9781-7F03AA020039}
		{8A0DC808-518D-4E2D-BD57-D7619D1CB7C3} = {8A0DC808-518D-4E2D-BD57-D7619D1CB7C3}
		{5880D40A-E2B0-4656-820C-7F497081FD72} = {5880D40A-E2B0-4656-820C-7F497081FD72}
		{3C5B2B77-8E72-4D77-A0BF-CAEED8B86800} = {3C5B2B77-8E72-4D77-A0BF-CAEED8B86800}
		{6D790B79-352D-4710-B6F9-D227A5E9899E} = {6D790B79-352D-4710-B6F9-D227A5E9899E}
		{BCBF2281-E736-4BA9-9423-3438AA264B32} = {BCBF2281-E736-4BA9-9423-3438AA264B32}
		{E10D9C86-E9A3-4599-9E2F-27313DCC8F3E} = {E10D9C86-E9A3-4599-9E2F-27313DCC8F3E}
		{99BC53FE-9742-4C38-B12E-5A74F62B64FA} = {99BC53FE-9742-4C38-B12E-5A74F62B64FA}
	EndProjectSection
EndProject
Project("{8BC9CEB8-8B4A-11D0-8D11-00A0C91BC942}") = "iccApplyNamedCmm", "..\CmdLine\IccApplyNamedCmm\iccApplyNamedCmm.vcproj", "{6D790B79-352D-4710-B6F9-D227A5E9899E}"
	ProjectSection(ProjectDependencies) = postProject
		{FED492F2-ADC9-45A8-A638-53A613D5AE61} = {FED492F2-ADC9-45A8-A638-53A613D5AE61}
	EndProjectSection
EndProject
Project("{8BC9CEB8-8B4A-11D0-8D11-00A0C91BC942}") = "ApplyProfiles", "ApplyProfiles\ApplyProfiles.vcproj", "{1B936E04-B2CF-4C11-9781-7F03AA020039}"
	ProjectSection(ProjectDependencies) = postProject
		{70E8663F-B686-4CA2-BE14-B69921240600} = {70E8663F-B686-4CA2-BE14-B69921240600}
		{FED492F2-ADC9-45A8-A638-53A613D5AE61} = {FED492F2-ADC9-45A8-A638-53A613D5AE61}
	EndProjectSection
EndProject
Project("{8BC9CEB8-8B4A-11D0-8D11-00A0C91BC942}") = "iccApplyProfiles", "..\CmdLine\IccApplyProfiles\iccApplyProfiles.vcproj", "{E10D9C86-E9A3-4599-9E2F-27313DCC8F3E}"
	ProjectSection(ProjectDependencies) = postProject
		{FED492F2-ADC9-45A8-A638-53A613D5AE61} = {FED492F2-ADC9-45A8-A638-53A613D5AE61}
	EndProjectSection
EndProject
Project("{8BC9CEB8-8B4A-11D0-8D11-00A0C91BC942}") = "iccDumpProfile", "..\CmdLine\IccDumpProfile\iccDumpProfile.vcproj", "{3C5B2B77-8E72-4D77-A0BF-CAEED8B86800}"
	ProjectSection(ProjectDependencies) = postProject
		{FED492F2-ADC9-45A8-A638-53A613D5AE61} = {FED492F2-ADC9-45A8-A638-53A613D5AE61}
	EndProjectSection
EndProject
Project("{8BC9CEB8-8B4A-11D0-8D11-00A0C91BC942}") = "iccProflibTest", "..\CmdLine\IccProfLibTest\iccProfLibTest.vcproj", "{5880D40A-E2B0-4656-820C-7F497081FD72}"
	ProjectSection(ProjectDependencies) = postProject
	EndProjectSection
EndProject
Project("{8BC9CEB8-8B4A-11D0-8D11-00A0C91BC942}") = "IccProfLib", "..\..\IccProfLib\IccProfLib.vcproj", "{FED492F2-ADC9-45A8-A638-53A613D5AE61}"
	ProjectSection(ProjectDependencies) = postProject
	EndProjectSection
EndProject
Project("{8BC9CEB8-8B4A-11D0-8D11-00A0C91BC942}") = "ProfileDump", "ProfileDump\ProfileDump.vcproj", "{BCBF2281-E736-4BA9-9423-3438AA264B32}"
	ProjectSection(ProjectDependencies) = postProject
		{FED492F2-ADC9-45A8-A638-53A613D5AE61} = {FED492F2-ADC9-45A8-A638-53A613D5AE61}
	EndProjectSection
EndProject
Project("{8BC9CEB8-8B4A-11D0-8D11-00A0C91BC942}") = "libtiff", "BuildLibTiff\libtiff.vcproj", "{70E8663F-B686-4CA2-BE14-B69921240600}"
	ProjectSection(ProjectDependencies) = postProject
	EndProjectSection
EndProject
Project("{8BC9CEB8-8B4A-11D0-8D11-00A0C91BC942}") = "IccProfLib_CRTDLL", "..\..\IccProfLib\IccProfLib_CRTDLL.vcproj", "{BFDCCFF9-2079-4823-AA2A-DA9117DA58B6}"
	ProjectSection(ProjectDependencies) = postProject
	EndProjectSection
EndProject
Project("{8BC9CEB8-8B4A-11D0-8D11-00A0C91BC942}") = "wxProfileDump", "..\wxWidget\wxProfileDump\wxProfileDump.vcproj", "{8A0DC808-518D-4E2D-BD57-D7619D1CB7C3}"
	ProjectSection(ProjectDependencies) = postProject
		{BFDCCFF9-2079-4823-AA2A-DA9117DA58B6} = {BFDCCFF9-2079-4823-AA2A-DA9117DA58B6}
		{BFDCCFF9-2079-4823-AA2A-DA9117DA58B6} = {BFDCCFF9-2079-4823-AA2A-DA9117DA58B6}
	EndProjectSection
EndProject
Project("{8BC9CEB8-8B4A-11D0-8D11-00A0C91BC942}") = "iccStripUnknownTags", "..\CmdLine\IccStripUnknownTags\iccStripUnknownTags.vcproj", "{99BC53FE-9742-4C38-B12E-5A74F62B64FA}"
	ProjectSection(ProjectDependencies) = postProject
	EndProjectSection
EndProject
Project("{8BC9CEB8-8B4A-11D0-8D11-00A0C91BC942}") = "IccV4ToTestMpe", "..\CmdLine\IccV4ToTestMPE\iccV4ToTestMPE.vcproj", "{ACC40C99-8881-4BE8-B928-D87BAD8FD27A}"
	ProjectSection(ProjectDependencies) = postProject
		{FED492F2-ADC9-45A8-A638-53A613D5AE61} = {FED492F2-ADC9-45A8-A638-53A613D5AE61}
	EndProjectSection
	ProjectSection(ProjectDependencies) = postProject
	EndProjectSection
EndProject
Project("{8BC9CEB8-8B4A-11D0-8D11-00A0C91BC942}") = "SampleIccCmm", "SampleIccCmm\SampleIccCmm.vcproj", "{62025065-8784-4EBD-A380-57763DDBD26D}"
	ProjectSection(ProjectDependencies) = postProject
		{FED492F2-ADC9-45A8-A638-53A613D5AE61} = {FED492F2-ADC9-45A8-A638-53A613D5AE61}
	EndProjectSection
EndProject
Global
	GlobalSection(SolutionConfiguration) = preSolution
		Debug = Debug
		DLL Debug = DLL Debug
		DLL Release = DLL Release
		DLL Unicode Debug = DLL Unicode Debug
		DLL Unicode Release = DLL Unicode Release
		DLL Universal Debug = DLL Universal Debug
		DLL Universal Release = DLL Universal Release
		DLL Universal Unicode Debug = DLL Universal Unicode Debug
		DLL Universal Unicode Release = DLL Universal Unicode Release
		Release = Release
		Unicode Debug = Unicode Debug
		Unicode Release = Unicode Release
		Universal Debug = Universal Debug
		Universal Release = Universal Release
		Universal Unicode Debug = Universal Unicode Debug
		Universal Unicode Release = Universal Unicode Release
	EndGlobalSection
	GlobalSection(ProjectConfiguration) = postSolution
		{E462C77A-D300-4DB0-B318-0497ECD358A7}.Debug.ActiveCfg = Debug|Win32
		{E462C77A-D300-4DB0-B318-0497ECD358A7}.Debug.Build.0 = Debug|Win32
		{E462C77A-D300-4DB0-B318-0497ECD358A7}.DLL Debug.ActiveCfg = Debug|Win32
		{E462C77A-D300-4DB0-B318-0497ECD358A7}.DLL Debug.Build.0 = Debug|Win32
		{E462C77A-D300-4DB0-B318-0497ECD358A7}.DLL Release.ActiveCfg = Release|Win32
		{E462C77A-D300-4DB0-B318-0497ECD358A7}.DLL Release.Build.0 = Release|Win32
		{E462C77A-D300-4DB0-B318-0497ECD358A7}.DLL Unicode Debug.ActiveCfg = Debug|Win32
		{E462C77A-D300-4DB0-B318-0497ECD358A7}.DLL Unicode Debug.Build.0 = Debug|Win32
		{E462C77A-D300-4DB0-B318-0497ECD358A7}.DLL Unicode Release.ActiveCfg = Release|Win32
		{E462C77A-D300-4DB0-B318-0497ECD358A7}.DLL Unicode Release.Build.0 = Release|Win32
		{E462C77A-D300-4DB0-B318-0497ECD358A7}.DLL Universal Debug.ActiveCfg = Debug|Win32
		{E462C77A-D300-4DB0-B318-0497ECD358A7}.DLL Universal Debug.Build.0 = Debug|Win32
		{E462C77A-D300-4DB0-B318-0497ECD358A7}.DLL Universal Release.ActiveCfg = Release|Win32
		{E462C77A-D300-4DB0-B318-0497ECD358A7}.DLL Universal Release.Build.0 = Release|Win32
		{E462C77A-D300-4DB0-B318-0497ECD358A7}.DLL Universal Unicode Debug.ActiveCfg = Debug|Win32
		{E462C77A-D300-4DB0-B318-0497ECD358A7}.DLL Universal Unicode Debug.Build.0 = Debug|Win32
		{E462C77A-D300-4DB0-B318-0497ECD358A7}.DLL Universal Unicode Release.ActiveCfg = Release|Win32
		{E462C77A-D300-4DB0-B318-0497ECD358A7}.DLL Universal Unicode Release.Build.0 = Release|Win32
		{E462C77A-D300-4DB0-B318-0497ECD358A7}.Release.ActiveCfg = Release|Win32
		{E462C77A-D300-4DB0-B318-0497ECD358A7}.Release.Build.0 = Release|Win32
		{E462C77A-D300-4DB0-B318-0497ECD358A7}.Unicode Debug.ActiveCfg = Debug|Win32
		{E462C77A-D300-4DB0-B318-0497ECD358A7}.Unicode Debug.Build.0 = Debug|Win32
		{E462C77A-D300-4DB0-B318-0497ECD358A7}.Unicode Release.ActiveCfg = Release|Win32
		{E462C77A-D300-4DB0-B318-0497ECD358A7}.Unicode Release.Build.0 = Release|Win32
		{E462C77A-D300-4DB0-B318-0497ECD358A7}.Universal Debug.ActiveCfg = Debug|Win32
		{E462C77A-D300-4DB0-B318-0497ECD358A7}.Universal Debug.Build.0 = Debug|Win32
		{E462C77A-D300-4DB0-B318-0497ECD358A7}.Universal Release.ActiveCfg = Release|Win32
		{E462C77A-D300-4DB0-B318-0497ECD358A7}.Universal Release.Build.0 = Release|Win32
		{E462C77A-D300-4DB0-B318-0497ECD358A7}.Universal Unicode Debug.ActiveCfg = Debug|Win32
		{E462C77A-D300-4DB0-B318-0497ECD358A7}.Universal Unicode Debug.Build.0 = Debug|Win32
		{E462C77A-D300-4DB0-B318-0497ECD358A7}.Universal Unicode Release.ActiveCfg = Release|Win32
		{E462C77A-D300-4DB0-B318-0497ECD358A7}.Universal Unicode Release.Build.0 = Release|Win32
		{6D790B79-352D-4710-B6F9-D227A5E9899E}.Debug.ActiveCfg = Debug|Win32
		{6D790B79-352D-4710-B6F9-D227A5E9899E}.Debug.Build.0 = Debug|Win32
		{6D790B79-352D-4710-B6F9-D227A5E9899E}.DLL Debug.ActiveCfg = Debug|Win32
		{6D790B79-352D-4710-B6F9-D227A5E9899E}.DLL Debug.Build.0 = Debug|Win32
		{6D790B79-352D-4710-B6F9-D227A5E9899E}.DLL Release.ActiveCfg = Release|Win32
		{6D790B79-352D-4710-B6F9-D227A5E9899E}.DLL Release.Build.0 = Release|Win32
		{6D790B79-352D-4710-B6F9-D227A5E9899E}.DLL Unicode Debug.ActiveCfg = Debug|Win32
		{6D790B79-352D-4710-B6F9-D227A5E9899E}.DLL Unicode Debug.Build.0 = Debug|Win32
		{6D790B79-352D-4710-B6F9-D227A5E9899E}.DLL Unicode Release.ActiveCfg = Release|Win32
		{6D790B79-352D-4710-B6F9-D227A5E9899E}.DLL Unicode Release.Build.0 = Release|Win32
		{6D790B79-352D-4710-B6F9-D227A5E9899E}.DLL Universal Debug.ActiveCfg = Debug|Win32
		{6D790B79-352D-4710-B6F9-D227A5E9899E}.DLL Universal Debug.Build.0 = Debug|Win32
		{6D790B79-352D-4710-B6F9-D227A5E9899E}.DLL Universal Release.ActiveCfg = Release|Win32
		{6D790B79-352D-4710-B6F9-D227A5E9899E}.DLL Universal Release.Build.0 = Release|Win32
		{6D790B79-352D-4710-B6F9-D227A5E9899E}.DLL Universal Unicode Debug.ActiveCfg = Debug|Win32
		{6D790B79-352D-4710-B6F9-D227A5E9899E}.DLL Universal Unicode Debug.Build.0 = Debug|Win32
		{6D790B79-352D-4710-B6F9-D227A5E9899E}.DLL Universal Unicode Release.ActiveCfg = Release|Win32
		{6D790B79-352D-4710-B6F9-D227A5E9899E}.DLL Universal Unicode Release.Build.0 = Release|Win32
		{6D790B79-352D-4710-B6F9-D227A5E9899E}.Release.ActiveCfg = Release|Win32
		{6D790B79-352D-4710-B6F9-D227A5E9899E}.Release.Build.0 = Release|Win32
		{6D790B79-352D-4710-B6F9-D227A5E9899E}.Unicode Debug.ActiveCfg = Debug|Win32
		{6D790B79-352D-4710-B6F9-D227A5E9899E}.Unicode Debug.Build.0 = Debug|Win32
		{6D790B79-352D-4710-B6F9-D227A5E9899E}.Unicode Release.ActiveCfg = Release|Win32
		{6D790B79-352D-4710-B6F9-D227A5E9899E}.Unicode Release.Build.0 = Release|Win32
		{6D790B79-352D-4710-B6F9-D227A5E9899E}.Universal Debug.ActiveCfg = Debug|Win32
		{6D790B79-352D-4710-B6F9-D227A5E9899E}.Universal Debug.Build.0 = Debug|Win32
		{6D790B79-352D-4710-B6F9-D227A5E9899E}.Universal Release.ActiveCfg = Release|Win32
		{6D790B79-352D-4710-B6F9-D227A5E9899E}.Universal Release.Build.0 = Release|Win32
		{6D790B79-352D-4710-B6F9-D227A5E9899E}.Universal Unicode Debug.ActiveCfg = Debug|Win32
		{6D790B79-352D-4710-B6F9-D227A5E9899E}.Universal Unicode Debug.Build.0 = Debug|Win32
		{6D790B79-352D-4710-B6F9-D227A5E9899E}.Universal Unicode Release.ActiveCfg = Release|Win32
		{6D790B79-352D-4710-B6F9-D227A5E9899E}.Universal Unicode Release.Build.0 = Release|Win32
		{1B936E04-B2CF-4C11-9781-7F03AA020039}.Debug.ActiveCfg = Debug|Win32
		{1B936E04-B2CF-4C11-9781-7F03AA020039}.Debug.Build.0 = Debug|Win32
		{1B936E04-B2CF-4C11-9781-7F03AA020039}.DLL Debug.ActiveCfg = Debug|Win32
		{1B936E04-B2CF-4C11-9781-7F03AA020039}.DLL Debug.Build.0 = Debug|Win32
		{1B936E04-B2CF-4C11-9781-7F03AA020039}.DLL Release.ActiveCfg = Release|Win32
		{1B936E04-B2CF-4C11-9781-7F03AA020039}.DLL Release.Build.0 = Release|Win32
		{1B936E04-B2CF-4C11-9781-7F03AA020039}.DLL Unicode Debug.ActiveCfg = Debug|Win32
		{1B936E04-B2CF-4C11-9781-7F03AA020039}.DLL Unicode Debug.Build.0 = Debug|Win32
		{1B936E04-B2CF-4C11-9781-7F03AA020039}.DLL Unicode Release.ActiveCfg = Release|Win32
		{1B936E04-B2CF-4C11-9781-7F03AA020039}.DLL Unicode Release.Build.0 = Release|Win32
		{1B936E04-B2CF-4C11-9781-7F03AA020039}.DLL Universal Debug.ActiveCfg = Debug|Win32
		{1B936E04-B2CF-4C11-9781-7F03AA020039}.DLL Universal Debug.Build.0 = Debug|Win32
		{1B936E04-B2CF-4C11-9781-7F03AA020039}.DLL Universal Release.ActiveCfg = Release|Win32
		{1B936E04-B2CF-4C11-9781-7F03AA020039}.DLL Universal Release.Build.0 = Release|Win32
		{1B936E04-B2CF-4C11-9781-7F03AA020039}.DLL Universal Unicode Debug.ActiveCfg = Debug|Win32
		{1B936E04-B2CF-4C11-9781-7F03AA020039}.DLL Universal Unicode Debug.Build.0 = Debug|Win32
		{1B936E04-B2CF-4C11-9781-7F03AA020039}.DLL Universal Unicode Release.ActiveCfg = Release|Win32
		{1B936E04-B2CF-4C11-9781-7F03AA020039}.DLL Universal Unicode Release.Build.0 = Release|Win32
		{1B936E04-B2CF-4C11-9781-7F03AA020039}.Release.ActiveCfg = Release|Win32
		{1B936E04-B2CF-4C11-9781-7F03AA020039}.Release.Build.0 = Release|Win32
		{1B936E04-B2CF-4C11-9781-7F03AA020039}.Unicode Debug.ActiveCfg = Debug|Win32
		{1B936E04-B2CF-4C11-9781-7F03AA020039}.Unicode Debug.Build.0 = Debug|Win32
		{1B936E04-B2CF-4C11-9781-7F03AA020039}.Unicode Release.ActiveCfg = Release|Win32
		{1B936E04-B2CF-4C11-9781-7F03AA020039}.Unicode Release.Build.0 = Release|Win32
		{1B936E04-B2CF-4C11-9781-7F03AA020039}.Universal Debug.ActiveCfg = Debug|Win32
		{1B936E04-B2CF-4C11-9781-7F03AA020039}.Universal Debug.Build.0 = Debug|Win32
		{1B936E04-B2CF-4C11-9781-7F03AA020039}.Universal Release.ActiveCfg = Release|Win32
		{1B936E04-B2CF-4C11-9781-7F03AA020039}.Universal Release.Build.0 = Release|Win32
		{1B936E04-B2CF-4C11-9781-7F03AA020039}.Universal Unicode Debug.ActiveCfg = Debug|Win32
		{1B936E04-B2CF-4C11-9781-7F03AA020039}.Universal Unicode Debug.Build.0 = Debug|Win32
		{1B936E04-B2CF-4C11-9781-7F03AA020039}.Universal Unicode Release.ActiveCfg = Release|Win32
		{1B936E04-B2CF-4C11-9781-7F03AA020039}.Universal Unicode Release.Build.0 = Release|Win32
		{E10D9C86-E9A3-4599-9E2F-27313DCC8F3E}.Debug.ActiveCfg = Debug|Win32
		{E10D9C86-E9A3-4599-9E2F-27313DCC8F3E}.Debug.Build.0 = Debug|Win32
		{E10D9C86-E9A3-4599-9E2F-27313DCC8F3E}.DLL Debug.ActiveCfg = Debug|Win32
		{E10D9C86-E9A3-4599-9E2F-27313DCC8F3E}.DLL Debug.Build.0 = Debug|Win32
		{E10D9C86-E9A3-4599-9E2F-27313DCC8F3E}.DLL Release.ActiveCfg = Release|Win32
		{E10D9C86-E9A3-4599-9E2F-27313DCC8F3E}.DLL Release.Build.0 = Release|Win32
		{E10D9C86-E9A3-4599-9E2F-27313DCC8F3E}.DLL Unicode Debug.ActiveCfg = Debug|Win32
		{E10D9C86-E9A3-4599-9E2F-27313DCC8F3E}.DLL Unicode Debug.Build.0 = Debug|Win32
		{E10D9C86-E9A3-4599-9E2F-27313DCC8F3E}.DLL Unicode Release.ActiveCfg = Release|Win32
		{E10D9C86-E9A3-4599-9E2F-27313DCC8F3E}.DLL Unicode Release.Build.0 = Release|Win32
		{E10D9C86-E9A3-4599-9E2F-27313DCC8F3E}.DLL Universal Debug.ActiveCfg = Debug|Win32
		{E10D9C86-E9A3-4599-9E2F-27313DCC8F3E}.DLL Universal Debug.Build.0 = Debug|Win32
		{E10D9C86-E9A3-4599-9E2F-27313DCC8F3E}.DLL Universal Release.ActiveCfg = Release|Win32
		{E10D9C86-E9A3-4599-9E2F-27313DCC8F3E}.DLL Universal Release.Build.0 = Release|Win32
		{E10D9C86-E9A3-4599-9E2F-27313DCC8F3E}.DLL Universal Unicode Debug.ActiveCfg = Debug|Win32
		{E10D9C86-E9A3-4599-9E2F-27313DCC8F3E}.DLL Universal Unicode Debug.Build.0 = Debug|Win32
		{E10D9C86-E9A3-4599-9E2F-27313DCC8F3E}.DLL Universal Unicode Release.ActiveCfg = Release|Win32
		{E10D9C86-E9A3-4599-9E2F-27313DCC8F3E}.DLL Universal Unicode Release.Build.0 = Release|Win32
		{E10D9C86-E9A3-4599-9E2F-27313DCC8F3E}.Release.ActiveCfg = Release|Win32
		{E10D9C86-E9A3-4599-9E2F-27313DCC8F3E}.Release.Build.0 = Release|Win32
		{E10D9C86-E9A3-4599-9E2F-27313DCC8F3E}.Unicode Debug.ActiveCfg = Debug|Win32
		{E10D9C86-E9A3-4599-9E2F-27313DCC8F3E}.Unicode Debug.Build.0 = Debug|Win32
		{E10D9C86-E9A3-4599-9E2F-27313DCC8F3E}.Unicode Release.ActiveCfg = Release|Win32
		{E10D9C86-E9A3-4599-9E2F-27313DCC8F3E}.Unicode Release.Build.0 = Release|Win32
		{E10D9C86-E9A3-4599-9E2F-27313DCC8F3E}.Universal Debug.ActiveCfg = Debug|Win32
		{E10D9C86-E9A3-4599-9E2F-27313DCC8F3E}.Universal Debug.Build.0 = Debug|Win32
		{E10D9C86-E9A3-4599-9E2F-27313DCC8F3E}.Universal Release.ActiveCfg = Release|Win32
		{E10D9C86-E9A3-4599-9E2F-27313DCC8F3E}.Universal Release.Build.0 = Release|Win32
		{E10D9C86-E9A3-4599-9E2F-27313DCC8F3E}.Universal Unicode Debug.ActiveCfg = Debug|Win32
		{E10D9C86-E9A3-4599-9E2F-27313DCC8F3E}.Universal Unicode Debug.Build.0 = Debug|Win32
		{E10D9C86-E9A3-4599-9E2F-27313DCC8F3E}.Universal Unicode Release.ActiveCfg = Release|Win32
		{E10D9C86-E9A3-4599-9E2F-27313DCC8F3E}.Universal Unicode Release.Build.0 = Release|Win32
		{3C5B2B77-8E72-4D77-A0BF-CAEED8B86800}.Debug.ActiveCfg = Debug|Win32
		{3C5B2B77-8E72-4D77-A0BF-CAEED8B86800}.Debug.Build.0 = Debug|Win32
		{3C5B2B77-8E72-4D77-A0BF-CAEED8B86800}.DLL Debug.ActiveCfg = Debug|Win32
		{3C5B2B77-8E72-4D77-A0BF-CAEED8B86800}.DLL Debug.Build.0 = Debug|Win32
		{3C5B2B77-8E72-4D77-A0BF-CAEED8B86800}.DLL Release.ActiveCfg = Release|Win32
		{3C5B2B77-8E72-4D77-A0BF-CAEED8B86800}.DLL Release.Build.0 = Release|Win32
		{3C5B2B77-8E72-4D77-A0BF-CAEED8B86800}.DLL Unicode Debug.ActiveCfg = Debug|Win32
		{3C5B2B77-8E72-4D77-A0BF-CAEED8B86800}.DLL Unicode Debug.Build.0 = Debug|Win32
		{3C5B2B77-8E72-4D77-A0BF-CAEED8B86800}.DLL Unicode Release.ActiveCfg = Release|Win32
		{3C5B2B77-8E72-4D77-A0BF-CAEED8B86800}.DLL Unicode Release.Build.0 = Release|Win32
		{3C5B2B77-8E72-4D77-A0BF-CAEED8B86800}.DLL Universal Debug.ActiveCfg = Debug|Win32
		{3C5B2B77-8E72-4D77-A0BF-CAEED8B86800}.DLL Universal Debug.Build.0 = Debug|Win32
		{3C5B2B77-8E72-4D77-A0BF-CAEED8B86800}.DLL Universal Release.ActiveCfg = Release|Win32
		{3C5B2B77-8E72-4D77-A0BF-CAEED8B86800}.DLL Universal Release.Build.0 = Release|Win32
		{3C5B2B77-8E72-4D77-A0BF-CAEED8B86800}.DLL Universal Unicode Debug.ActiveCfg = Debug|Win32
		{3C5B2B77-8E72-4D77-A0BF-CAEED8B86800}.DLL Universal Unicode Debug.Build.0 = Debug|Win32
		{3C5B2B77-8E72-4D77-A0BF-CAEED8B86800}.DLL Universal Unicode Release.ActiveCfg = Release|Win32
		{3C5B2B77-8E72-4D77-A0BF-CAEED8B86800}.DLL Universal Unicode Release.Build.0 = Release|Win32
		{3C5B2B77-8E72-4D77-A0BF-CAEED8B86800}.Release.ActiveCfg = Release|Win32
		{3C5B2B77-8E72-4D77-A0BF-CAEED8B86800}.Release.Build.0 = Release|Win32
		{3C5B2B77-8E72-4D77-A0BF-CAEED8B86800}.Unicode Debug.ActiveCfg = Debug|Win32
		{3C5B2B77-8E72-4D77-A0BF-CAEED8B86800}.Unicode Debug.Build.0 = Debug|Win32
		{3C5B2B77-8E72-4D77-A0BF-CAEED8B86800}.Unicode Release.ActiveCfg = Release|Win32
		{3C5B2B77-8E72-4D77-A0BF-CAEED8B86800}.Unicode Release.Build.0 = Release|Win32
		{3C5B2B77-8E72-4D77-A0BF-CAEED8B86800}.Universal Debug.ActiveCfg = Debug|Win32
		{3C5B2B77-8E72-4D77-A0BF-CAEED8B86800}.Universal Debug.Build.0 = Debug|Win32
		{3C5B2B77-8E72-4D77-A0BF-CAEED8B86800}.Universal Release.ActiveCfg = Release|Win32
		{3C5B2B77-8E72-4D77-A0BF-CAEED8B86800}.Universal Release.Build.0 = Release|Win32
		{3C5B2B77-8E72-4D77-A0BF-CAEED8B86800}.Universal Unicode Debug.ActiveCfg = Debug|Win32
		{3C5B2B77-8E72-4D77-A0BF-CAEED8B86800}.Universal Unicode Debug.Build.0 = Debug|Win32
		{3C5B2B77-8E72-4D77-A0BF-CAEED8B86800}.Universal Unicode Release.ActiveCfg = Release|Win32
		{3C5B2B77-8E72-4D77-A0BF-CAEED8B86800}.Universal Unicode Release.Build.0 = Release|Win32
		{5880D40A-E2B0-4656-820C-7F497081FD72}.Debug.ActiveCfg = Debug|Win32
		{5880D40A-E2B0-4656-820C-7F497081FD72}.Debug.Build.0 = Debug|Win32
		{5880D40A-E2B0-4656-820C-7F497081FD72}.DLL Debug.ActiveCfg = Debug|Win32
		{5880D40A-E2B0-4656-820C-7F497081FD72}.DLL Debug.Build.0 = Debug|Win32
		{5880D40A-E2B0-4656-820C-7F497081FD72}.DLL Release.ActiveCfg = Release|Win32
		{5880D40A-E2B0-4656-820C-7F497081FD72}.DLL Release.Build.0 = Release|Win32
		{5880D40A-E2B0-4656-820C-7F497081FD72}.DLL Unicode Debug.ActiveCfg = Debug|Win32
		{5880D40A-E2B0-4656-820C-7F497081FD72}.DLL Unicode Debug.Build.0 = Debug|Win32
		{5880D40A-E2B0-4656-820C-7F497081FD72}.DLL Unicode Release.ActiveCfg = Release|Win32
		{5880D40A-E2B0-4656-820C-7F497081FD72}.DLL Unicode Release.Build.0 = Release|Win32
		{5880D40A-E2B0-4656-820C-7F497081FD72}.DLL Universal Debug.ActiveCfg = Debug|Win32
		{5880D40A-E2B0-4656-820C-7F497081FD72}.DLL Universal Debug.Build.0 = Debug|Win32
		{5880D40A-E2B0-4656-820C-7F497081FD72}.DLL Universal Release.ActiveCfg = Release|Win32
		{5880D40A-E2B0-4656-820C-7F497081FD72}.DLL Universal Release.Build.0 = Release|Win32
		{5880D40A-E2B0-4656-820C-7F497081FD72}.DLL Universal Unicode Debug.ActiveCfg = Debug|Win32
		{5880D40A-E2B0-4656-820C-7F497081FD72}.DLL Universal Unicode Debug.Build.0 = Debug|Win32
		{5880D40A-E2B0-4656-820C-7F497081FD72}.DLL Universal Unicode Release.ActiveCfg = Release|Win32
		{5880D40A-E2B0-4656-820C-7F497081FD72}.DLL Universal Unicode Release.Build.0 = Release|Win32
		{5880D40A-E2B0-4656-820C-7F497081FD72}.Release.ActiveCfg = Release|Win32
		{5880D40A-E2B0-4656-820C-7F497081FD72}.Release.Build.0 = Release|Win32
		{5880D40A-E2B0-4656-820C-7F497081FD72}.Unicode Debug.ActiveCfg = Debug|Win32
		{5880D40A-E2B0-4656-820C-7F497081FD72}.Unicode Debug.Build.0 = Debug|Win32
		{5880D40A-E2B0-4656-820C-7F497081FD72}.Unicode Release.ActiveCfg = Release|Win32
		{5880D40A-E2B0-4656-820C-7F497081FD72}.Unicode Release.Build.0 = Release|Win32
		{5880D40A-E2B0-4656-820C-7F497081FD72}.Universal Debug.ActiveCfg = Debug|Win32
		{5880D40A-E2B0-4656-820C-7F497081FD72}.Universal Debug.Build.0 = Debug|Win32
		{5880D40A-E2B0-4656-820C-7F497081FD72}.Universal Release.ActiveCfg = Release|Win32
		{5880D40A-E2B0-4656-820C-7F497081FD72}.Universal Release.Build.0 = Release|Win32
		{5880D40A-E2B0-4656-820C-7F497081FD72}.Universal Unicode Debug.ActiveCfg = Debug|Win32
		{5880D40A-E2B0-4656-820C-7F497081FD72}.Universal Unicode Debug.Build.0 = Debug|Win32
		{5880D40A-E2B0-4656-820C-7F497081FD72}.Universal Unicode Release.ActiveCfg = Release|Win32
		{5880D40A-E2B0-4656-820C-7F497081FD72}.Universal Unicode Release.Build.0 = Release|Win32
		{FED492F2-ADC9-45A8-A638-53A613D5AE61}.Debug.ActiveCfg = Debug|Win32
		{FED492F2-ADC9-45A8-A638-53A613D5AE61}.Debug.Build.0 = Debug|Win32
		{FED492F2-ADC9-45A8-A638-53A613D5AE61}.DLL Debug.ActiveCfg = Debug|Win32
		{FED492F2-ADC9-45A8-A638-53A613D5AE61}.DLL Debug.Build.0 = Debug|Win32
		{FED492F2-ADC9-45A8-A638-53A613D5AE61}.DLL Release.ActiveCfg = Release|Win32
		{FED492F2-ADC9-45A8-A638-53A613D5AE61}.DLL Release.Build.0 = Release|Win32
		{FED492F2-ADC9-45A8-A638-53A613D5AE61}.DLL Unicode Debug.ActiveCfg = Debug|Win32
		{FED492F2-ADC9-45A8-A638-53A613D5AE61}.DLL Unicode Debug.Build.0 = Debug|Win32
		{FED492F2-ADC9-45A8-A638-53A613D5AE61}.DLL Unicode Release.ActiveCfg = Release|Win32
		{FED492F2-ADC9-45A8-A638-53A613D5AE61}.DLL Unicode Release.Build.0 = Release|Win32
		{FED492F2-ADC9-45A8-A638-53A613D5AE61}.DLL Universal Debug.ActiveCfg = Debug|Win32
		{FED492F2-ADC9-45A8-A638-53A613D5AE61}.DLL Universal Debug.Build.0 = Debug|Win32
		{FED492F2-ADC9-45A8-A638-53A613D5AE61}.DLL Universal Release.ActiveCfg = Release|Win32
		{FED492F2-ADC9-45A8-A638-53A613D5AE61}.DLL Universal Release.Build.0 = Release|Win32
		{FED492F2-ADC9-45A8-A638-53A613D5AE61}.DLL Universal Unicode Debug.ActiveCfg = Debug|Win32
		{FED492F2-ADC9-45A8-A638-53A613D5AE61}.DLL Universal Unicode Debug.Build.0 = Debug|Win32
		{FED492F2-ADC9-45A8-A638-53A613D5AE61}.DLL Universal Unicode Release.ActiveCfg = Release|Win32
		{FED492F2-ADC9-45A8-A638-53A613D5AE61}.DLL Universal Unicode Release.Build.0 = Release|Win32
		{FED492F2-ADC9-45A8-A638-53A613D5AE61}.Release.ActiveCfg = Release|Win32
		{FED492F2-ADC9-45A8-A638-53A613D5AE61}.Release.Build.0 = Release|Win32
		{FED492F2-ADC9-45A8-A638-53A613D5AE61}.Unicode Debug.ActiveCfg = Debug|Win32
		{FED492F2-ADC9-45A8-A638-53A613D5AE61}.Unicode Debug.Build.0 = Debug|Win32
		{FED492F2-ADC9-45A8-A638-53A613D5AE61}.Unicode Release.ActiveCfg = Release|Win32
		{FED492F2-ADC9-45A8-A638-53A613D5AE61}.Unicode Release.Build.0 = Release|Win32
		{FED492F2-ADC9-45A8-A638-53A613D5AE61}.Universal Debug.ActiveCfg = Debug|Win32
		{FED492F2-ADC9-45A8-A638-53A613D5AE61}.Universal Debug.Build.0 = Debug|Win32
		{FED492F2-ADC9-45A8-A638-53A613D5AE61}.Universal Release.ActiveCfg = Release|Win32
		{FED492F2-ADC9-45A8-A638-53A613D5AE61}.Universal Release.Build.0 = Release|Win32
		{FED492F2-ADC9-45A8-A638-53A613D5AE61}.Universal Unicode Debug.ActiveCfg = Debug|Win32
		{FED492F2-ADC9-45A8-A638-53A613D5AE61}.Universal Unicode Debug.Build.0 = Debug|Win32
		{FED492F2-ADC9-45A8-A638-53A613D5AE61}.Universal Unicode Release.ActiveCfg = Release|Win32
		{FED492F2-ADC9-45A8-A638-53A613D5AE61}.Universal Unicode Release.Build.0 = Release|Win32
		{BCBF2281-E736-4BA9-9423-3438AA264B32}.Debug.ActiveCfg = Debug|Win32
		{BCBF2281-E736-4BA9-9423-3438AA264B32}.Debug.Build.0 = Debug|Win32
		{BCBF2281-E736-4BA9-9423-3438AA264B32}.DLL Debug.ActiveCfg = Debug|Win32
		{BCBF2281-E736-4BA9-9423-3438AA264B32}.DLL Debug.Build.0 = Debug|Win32
		{BCBF2281-E736-4BA9-9423-3438AA264B32}.DLL Release.ActiveCfg = Release|Win32
		{BCBF2281-E736-4BA9-9423-3438AA264B32}.DLL Release.Build.0 = Release|Win32
		{BCBF2281-E736-4BA9-9423-3438AA264B32}.DLL Unicode Debug.ActiveCfg = Debug|Win32
		{BCBF2281-E736-4BA9-9423-3438AA264B32}.DLL Unicode Debug.Build.0 = Debug|Win32
		{BCBF2281-E736-4BA9-9423-3438AA264B32}.DLL Unicode Release.ActiveCfg = Release|Win32
		{BCBF2281-E736-4BA9-9423-3438AA264B32}.DLL Unicode Release.Build.0 = Release|Win32
		{BCBF2281-E736-4BA9-9423-3438AA264B32}.DLL Universal Debug.ActiveCfg = Debug|Win32
		{BCBF2281-E736-4BA9-9423-3438AA264B32}.DLL Universal Debug.Build.0 = Debug|Win32
		{BCBF2281-E736-4BA9-9423-3438AA264B32}.DLL Universal Release.ActiveCfg = Release|Win32
		{BCBF2281-E736-4BA9-9423-3438AA264B32}.DLL Universal Release.Build.0 = Release|Win32
		{BCBF2281-E736-4BA9-9423-3438AA264B32}.DLL Universal Unicode Debug.ActiveCfg = Debug|Win32
		{BCBF2281-E736-4BA9-9423-3438AA264B32}.DLL Universal Unicode Debug.Build.0 = Debug|Win32
		{BCBF2281-E736-4BA9-9423-3438AA264B32}.DLL Universal Unicode Release.ActiveCfg = Release|Win32
		{BCBF2281-E736-4BA9-9423-3438AA264B32}.DLL Universal Unicode Release.Build.0 = Release|Win32
		{BCBF2281-E736-4BA9-9423-3438AA264B32}.Release.ActiveCfg = Release|Win32
		{BCBF2281-E736-4BA9-9423-3438AA264B32}.Release.Build.0 = Release|Win32
		{BCBF2281-E736-4BA9-9423-3438AA264B32}.Unicode Debug.ActiveCfg = Debug|Win32
		{BCBF2281-E736-4BA9-9423-3438AA264B32}.Unicode Debug.Build.0 = Debug|Win32
		{BCBF2281-E736-4BA9-9423-3438AA264B32}.Unicode Release.ActiveCfg = Release|Win32
		{BCBF2281-E736-4BA9-9423-3438AA264B32}.Unicode Release.Build.0 = Release|Win32
		{BCBF2281-E736-4BA9-9423-3438AA264B32}.Universal Debug.ActiveCfg = Debug|Win32
		{BCBF2281-E736-4BA9-9423-3438AA264B32}.Universal Debug.Build.0 = Debug|Win32
		{BCBF2281-E736-4BA9-9423-3438AA264B32}.Universal Release.ActiveCfg = Release|Win32
		{BCBF2281-E736-4BA9-9423-3438AA264B32}.Universal Release.Build.0 = Release|Win32
		{BCBF2281-E736-4BA9-9423-3438AA264B32}.Universal Unicode Debug.ActiveCfg = Debug|Win32
		{BCBF2281-E736-4BA9-9423-3438AA264B32}.Universal Unicode Debug.Build.0 = Debug|Win32
		{BCBF2281-E736-4BA9-9423-3438AA264B32}.Universal Unicode Release.ActiveCfg = Release|Win32
		{BCBF2281-E736-4BA9-9423-3438AA264B32}.Universal Unicode Release.Build.0 = Release|Win32
		{70E8663F-B686-4CA2-BE14-B69921240600}.Debug.ActiveCfg = Debug|Win32
		{70E8663F-B686-4CA2-BE14-B69921240600}.Debug.Build.0 = Debug|Win32
		{70E8663F-B686-4CA2-BE14-B69921240600}.DLL Debug.ActiveCfg = Debug|Win32
		{70E8663F-B686-4CA2-BE14-B69921240600}.DLL Debug.Build.0 = Debug|Win32
		{70E8663F-B686-4CA2-BE14-B69921240600}.DLL Release.ActiveCfg = Release|Win32
		{70E8663F-B686-4CA2-BE14-B69921240600}.DLL Release.Build.0 = Release|Win32
		{70E8663F-B686-4CA2-BE14-B69921240600}.DLL Unicode Debug.ActiveCfg = Debug|Win32
		{70E8663F-B686-4CA2-BE14-B69921240600}.DLL Unicode Debug.Build.0 = Debug|Win32
		{70E8663F-B686-4CA2-BE14-B69921240600}.DLL Unicode Release.ActiveCfg = Release|Win32
		{70E8663F-B686-4CA2-BE14-B69921240600}.DLL Unicode Release.Build.0 = Release|Win32
		{70E8663F-B686-4CA2-BE14-B69921240600}.DLL Universal Debug.ActiveCfg = Debug|Win32
		{70E8663F-B686-4CA2-BE14-B69921240600}.DLL Universal Debug.Build.0 = Debug|Win32
		{70E8663F-B686-4CA2-BE14-B69921240600}.DLL Universal Release.ActiveCfg = Release|Win32
		{70E8663F-B686-4CA2-BE14-B69921240600}.DLL Universal Release.Build.0 = Release|Win32
		{70E8663F-B686-4CA2-BE14-B69921240600}.DLL Universal Unicode Debug.ActiveCfg = Debug|Win32
		{70E8663F-B686-4CA2-BE14-B69921240600}.DLL Universal Unicode Debug.Build.0 = Debug|Win32
		{70E8663F-B686-4CA2-BE14-B69921240600}.DLL Universal Unicode Release.ActiveCfg = Release|Win32
		{70E8663F-B686-4CA2-BE14-B69921240600}.DLL Universal Unicode Release.Build.0 = Release|Win32
		{70E8663F-B686-4CA2-BE14-B69921240600}.Release.ActiveCfg = Release|Win32
		{70E8663F-B686-4CA2-BE14-B69921240600}.Release.Build.0 = Release|Win32
		{70E8663F-B686-4CA2-BE14-B69921240600}.Unicode Debug.ActiveCfg = Debug|Win32
		{70E8663F-B686-4CA2-BE14-B69921240600}.Unicode Debug.Build.0 = Debug|Win32
		{70E8663F-B686-4CA2-BE14-B69921240600}.Unicode Release.ActiveCfg = Release|Win32
		{70E8663F-B686-4CA2-BE14-B69921240600}.Unicode Release.Build.0 = Release|Win32
		{70E8663F-B686-4CA2-BE14-B69921240600}.Universal Debug.ActiveCfg = Debug|Win32
		{70E8663F-B686-4CA2-BE14-B69921240600}.Universal Debug.Build.0 = Debug|Win32
		{70E8663F-B686-4CA2-BE14-B69921240600}.Universal Release.ActiveCfg = Release|Win32
		{70E8663F-B686-4CA2-BE14-B69921240600}.Universal Release.Build.0 = Release|Win32
		{70E8663F-B686-4CA2-BE14-B69921240600}.Universal Unicode Debug.ActiveCfg = Debug|Win32
		{70E8663F-B686-4CA2-BE14-B69921240600}.Universal Unicode Debug.Build.0 = Debug|Win32
		{70E8663F-B686-4CA2-BE14-B69921240600}.Universal Unicode Release.ActiveCfg = Release|Win32
		{70E8663F-B686-4CA2-BE14-B69921240600}.Universal Unicode Release.Build.0 = Release|Win32
		{BFDCCFF9-2079-4823-AA2A-DA9117DA58B6}.Debug.ActiveCfg = Debug|Win32
		{BFDCCFF9-2079-4823-AA2A-DA9117DA58B6}.Debug.Build.0 = Debug|Win32
		{BFDCCFF9-2079-4823-AA2A-DA9117DA58B6}.DLL Debug.ActiveCfg = Debug|Win32
		{BFDCCFF9-2079-4823-AA2A-DA9117DA58B6}.DLL Debug.Build.0 = Debug|Win32
		{BFDCCFF9-2079-4823-AA2A-DA9117DA58B6}.DLL Release.ActiveCfg = Release|Win32
		{BFDCCFF9-2079-4823-AA2A-DA9117DA58B6}.DLL Release.Build.0 = Release|Win32
		{BFDCCFF9-2079-4823-AA2A-DA9117DA58B6}.DLL Unicode Debug.ActiveCfg = Debug|Win32
		{BFDCCFF9-2079-4823-AA2A-DA9117DA58B6}.DLL Unicode Debug.Build.0 = Debug|Win32
		{BFDCCFF9-2079-4823-AA2A-DA9117DA58B6}.DLL Unicode Release.ActiveCfg = Release|Win32
		{BFDCCFF9-2079-4823-AA2A-DA9117DA58B6}.DLL Unicode Release.Build.0 = Release|Win32
		{BFDCCFF9-2079-4823-AA2A-DA9117DA58B6}.DLL Universal Debug.ActiveCfg = Debug|Win32
		{BFDCCFF9-2079-4823-AA2A-DA9117DA58B6}.DLL Universal Debug.Build.0 = Debug|Win32
		{BFDCCFF9-2079-4823-AA2A-DA9117DA58B6}.DLL Universal Release.ActiveCfg = Release|Win32
		{BFDCCFF9-2079-4823-AA2A-DA9117DA58B6}.DLL Universal Release.Build.0 = Release|Win32
		{BFDCCFF9-2079-4823-AA2A-DA9117DA58B6}.DLL Universal Unicode Debug.ActiveCfg = Debug|Win32
		{BFDCCFF9-2079-4823-AA2A-DA9117DA58B6}.DLL Universal Unicode Debug.Build.0 = Debug|Win32
		{BFDCCFF9-2079-4823-AA2A-DA9117DA58B6}.DLL Universal Unicode Release.ActiveCfg = Release|Win32
		{BFDCCFF9-2079-4823-AA2A-DA9117DA58B6}.DLL Universal Unicode Release.Build.0 = Release|Win32
		{BFDCCFF9-2079-4823-AA2A-DA9117DA58B6}.Release.ActiveCfg = Release|Win32
		{BFDCCFF9-2079-4823-AA2A-DA9117DA58B6}.Release.Build.0 = Release|Win32
		{BFDCCFF9-2079-4823-AA2A-DA9117DA58B6}.Unicode Debug.ActiveCfg = Debug|Win32
		{BFDCCFF9-2079-4823-AA2A-DA9117DA58B6}.Unicode Debug.Build.0 = Debug|Win32
		{BFDCCFF9-2079-4823-AA2A-DA9117DA58B6}.Unicode Release.ActiveCfg = Release|Win32
		{BFDCCFF9-2079-4823-AA2A-DA9117DA58B6}.Unicode Release.Build.0 = Release|Win32
		{BFDCCFF9-2079-4823-AA2A-DA9117DA58B6}.Universal Debug.ActiveCfg = Debug|Win32
		{BFDCCFF9-2079-4823-AA2A-DA9117DA58B6}.Universal Debug.Build.0 = Debug|Win32
		{BFDCCFF9-2079-4823-AA2A-DA9117DA58B6}.Universal Release.ActiveCfg = Release|Win32
		{BFDCCFF9-2079-4823-AA2A-DA9117DA58B6}.Universal Release.Build.0 = Release|Win32
		{BFDCCFF9-2079-4823-AA2A-DA9117DA58B6}.Universal Unicode Debug.ActiveCfg = Debug|Win32
		{BFDCCFF9-2079-4823-AA2A-DA9117DA58B6}.Universal Unicode Debug.Build.0 = Debug|Win32
		{BFDCCFF9-2079-4823-AA2A-DA9117DA58B6}.Universal Unicode Release.ActiveCfg = Release|Win32
		{BFDCCFF9-2079-4823-AA2A-DA9117DA58B6}.Universal Unicode Release.Build.0 = Release|Win32
		{8A0DC808-518D-4E2D-BD57-D7619D1CB7C3}.Debug.ActiveCfg = Debug|Win32
		{8A0DC808-518D-4E2D-BD57-D7619D1CB7C3}.Debug.Build.0 = Debug|Win32
		{8A0DC808-518D-4E2D-BD57-D7619D1CB7C3}.DLL Debug.ActiveCfg = DLL Debug|Win32
		{8A0DC808-518D-4E2D-BD57-D7619D1CB7C3}.DLL Debug.Build.0 = DLL Debug|Win32
		{8A0DC808-518D-4E2D-BD57-D7619D1CB7C3}.DLL Release.ActiveCfg = DLL Release|Win32
		{8A0DC808-518D-4E2D-BD57-D7619D1CB7C3}.DLL Release.Build.0 = DLL Release|Win32
		{8A0DC808-518D-4E2D-BD57-D7619D1CB7C3}.DLL Unicode Debug.ActiveCfg = DLL Unicode Debug|Win32
		{8A0DC808-518D-4E2D-BD57-D7619D1CB7C3}.DLL Unicode Debug.Build.0 = DLL Unicode Debug|Win32
		{8A0DC808-518D-4E2D-BD57-D7619D1CB7C3}.DLL Unicode Release.ActiveCfg = DLL Unicode Release|Win32
		{8A0DC808-518D-4E2D-BD57-D7619D1CB7C3}.DLL Unicode Release.Build.0 = DLL Unicode Release|Win32
		{8A0DC808-518D-4E2D-BD57-D7619D1CB7C3}.DLL Universal Debug.ActiveCfg = DLL Universal Debug|Win32
		{8A0DC808-518D-4E2D-BD57-D7619D1CB7C3}.DLL Universal Debug.Build.0 = DLL Universal Debug|Win32
		{8A0DC808-518D-4E2D-BD57-D7619D1CB7C3}.DLL Universal Release.ActiveCfg = DLL Universal Release|Win32
		{8A0DC808-518D-4E2D-BD57-D7619D1CB7C3}.DLL Universal Release.Build.0 = DLL Universal Release|Win32
		{8A0DC808-518D-4E2D-BD57-D7619D1CB7C3}.DLL Universal Unicode Debug.ActiveCfg = DLL Universal Unicode Debug|Win32
		{8A0DC808-518D-4E2D-BD57-D7619D1CB7C3}.DLL Universal Unicode Debug.Build.0 = DLL Universal Unicode Debug|Win32
		{8A0DC808-518D-4E2D-BD57-D7619D1CB7C3}.DLL Universal Unicode Release.ActiveCfg = DLL Universal Unicode Release|Win32
		{8A0DC808-518D-4E2D-BD57-D7619D1CB7C3}.DLL Universal Unicode Release.Build.0 = DLL Universal Unicode Release|Win32
		{8A0DC808-518D-4E2D-BD57-D7619D1CB7C3}.Release.ActiveCfg = Release|Win32
		{8A0DC808-518D-4E2D-BD57-D7619D1CB7C3}.Release.Build.0 = Release|Win32
		{8A0DC808-518D-4E2D-BD57-D7619D1CB7C3}.Unicode Debug.ActiveCfg = Unicode Debug|Win32
		{8A0DC808-518D-4E2D-BD57-D7619D1CB7C3}.Unicode Debug.Build.0 = Unicode Debug|Win32
		{8A0DC808-518D-4E2D-BD57-D7619D1CB7C3}.Unicode Release.ActiveCfg = Unicode Release|Win32
		{8A0DC808-518D-4E2D-BD57-D7619D1CB7C3}.Unicode Release.Build.0 = Unicode Release|Win32
		{8A0DC808-518D-4E2D-BD57-D7619D1CB7C3}.Universal Debug.ActiveCfg = Universal Debug|Win32
		{8A0DC808-518D-4E2D-BD57-D7619D1CB7C3}.Universal Debug.Build.0 = Universal Debug|Win32
		{8A0DC808-518D-4E2D-BD57-D7619D1CB7C3}.Universal Release.ActiveCfg = Universal Release|Win32
		{8A0DC808-518D-4E2D-BD57-D7619D1CB7C3}.Universal Release.Build.0 = Universal Release|Win32
		{8A0DC808-518D-4E2D-BD57-D7619D1CB7C3}.Universal Unicode Debug.ActiveCfg = Universal Unicode Debug|Win32
		{8A0DC808-518D-4E2D-BD57-D7619D1CB7C3}.Universal Unicode Debug.Build.0 = Universal Unicode Debug|Win32
		{8A0DC808-518D-4E2D-BD57-D7619D1CB7C3}.Universal Unicode Release.ActiveCfg = Universal Unicode Release|Win32
		{8A0DC808-518D-4E2D-BD57-D7619D1CB7C3}.Universal Unicode Release.Build.0 = Universal Unicode Release|Win32
		{99BC53FE-9742-4C38-B12E-5A74F62B64FA}.Debug.ActiveCfg = Debug|Win32
		{99BC53FE-9742-4C38-B12E-5A74F62B64FA}.Debug.Build.0 = Debug|Win32
		{99BC53FE-9742-4C38-B12E-5A74F62B64FA}.DLL Debug.ActiveCfg = Debug|Win32
		{99BC53FE-9742-4C38-B12E-5A74F62B64FA}.DLL Debug.Build.0 = Debug|Win32
		{99BC53FE-9742-4C38-B12E-5A74F62B64FA}.DLL Release.ActiveCfg = Release|Win32
		{99BC53FE-9742-4C38-B12E-5A74F62B64FA}.DLL Release.Build.0 = Release|Win32
		{99BC53FE-9742-4C38-B12E-5A74F62B64FA}.DLL Unicode Debug.ActiveCfg = Debug|Win32
		{99BC53FE-9742-4C38-B12E-5A74F62B64FA}.DLL Unicode Debug.Build.0 = Debug|Win32
		{99BC53FE-9742-4C38-B12E-5A74F62B64FA}.DLL Unicode Release.ActiveCfg = Release|Win32
		{99BC53FE-9742-4C38-B12E-5A74F62B64FA}.DLL Unicode Release.Build.0 = Release|Win32
		{99BC53FE-9742-4C38-B12E-5A74F62B64FA}.DLL Universal Debug.ActiveCfg = Debug|Win32
		{99BC53FE-9742-4C38-B12E-5A74F62B64FA}.DLL Universal Debug.Build.0 = Debug|Win32
		{99BC53FE-9742-4C38-B12E-5A74F62B64FA}.DLL Universal Release.ActiveCfg = Release|Win32
		{99BC53FE-9742-4C38-B12E-5A74F62B64FA}.DLL Universal Release.Build.0 = Release|Win32
		{99BC53FE-9742-4C38-B12E-5A74F62B64FA}.DLL Universal Unicode Debug.ActiveCfg = Debug|Win32
		{99BC53FE-9742-4C38-B12E-5A74F62B64FA}.DLL Universal Unicode Debug.Build.0 = Debug|Win32
		{99BC53FE-9742-4C38-B12E-5A74F62B64FA}.DLL Universal Unicode Release.ActiveCfg = Release|Win32
		{99BC53FE-9742-4C38-B12E-5A74F62B64FA}.DLL Universal Unicode Release.Build.0 = Release|Win32
		{99BC53FE-9742-4C38-B12E-5A74F62B64FA}.Release.ActiveCfg = Release|Win32
		{99BC53FE-9742-4C38-B12E-5A74F62B64FA}.Release.Build.0 = Release|Win32
		{99BC53FE-9742-4C38-B12E-5A74F62B64FA}.Unicode Debug.ActiveCfg = Debug|Win32
		{99BC53FE-9742-4C38-B12E-5A74F62B64FA}.Unicode Debug.Build.0 = Debug|Win32
		{99BC53FE-9742-4C38-B12E-5A74F62B64FA}.Unicode Release.ActiveCfg = Release|Win32
		{99BC53FE-9742-4C38-B12E-5A74F62B64FA}.Unicode Release.Build.0 = Release|Win32
		{99BC53FE-9742-4C38-B12E-5A74F62B64FA}.Universal Debug.ActiveCfg = Debug|Win32
		{99BC53FE-9742-4C38-B12E-5A74F62B64FA}.Universal Debug.Build.0 = Debug|Win32
		{99BC53FE-9742-4C38-B12E-5A74F62B64FA}.Universal Release.ActiveCfg = Release|Win32
		{99BC53FE-9742-4C38-B12E-5A74F62B64FA}.Universal Release.Build.0 = Release|Win32
		{99BC53FE-9742-4C38-B12E-5A74F62B64FA}.Universal Unicode Debug.ActiveCfg = Debug|Win32
		{99BC53FE-9742-4C38-B12E-5A74F62B64FA}.Universal Unicode Debug.Build.0 = Debug|Win32
		{99BC53FE-9742-4C38-B12E-5A74F62B64FA}.Universal Unicode Release.ActiveCfg = Release|Win32
		{99BC53FE-9742-4C38-B12E-5A74F62B64FA}.Universal Unicode Release.Build.0 = Release|Win32
		{ACC40C99-8881-4BE8-B928-D87BAD8FD27A}.Debug.ActiveCfg = Debug|Win32
		{ACC40C99-8881-4BE8-B928-D87BAD8FD27A}.Debug.Build.0 = Debug|Win32
		{ACC40C99-8881-4BE8-B928-D87BAD8FD27A}.DLL Debug.ActiveCfg = Debug|Win32
		{ACC40C99-8881-4BE8-B928-D87BAD8FD27A}.DLL Debug.Build.0 = Debug|Win32
		{ACC40C99-8881-4BE8-B928-D87BAD8FD27A}.DLL Release.ActiveCfg = Release|Win32
		{ACC40C99-8881-4BE8-B928-D87BAD8FD27A}.DLL Release.Build.0 = Release|Win32
		{ACC40C99-8881-4BE8-B928-D87BAD8FD27A}.DLL Unicode Debug.ActiveCfg = Debug|Win32
		{ACC40C99-8881-4BE8-B928-D87BAD8FD27A}.DLL Unicode Debug.Build.0 = Debug|Win32
		{ACC40C99-8881-4BE8-B928-D87BAD8FD27A}.DLL Unicode Release.ActiveCfg = Release|Win32
		{ACC40C99-8881-4BE8-B928-D87BAD8FD27A}.DLL Unicode Release.Build.0 = Release|Win32
		{ACC40C99-8881-4BE8-B928-D87BAD8FD27A}.DLL Universal Debug.ActiveCfg = Debug|Win32
		{ACC40C99-8881-4BE8-B928-D87BAD8FD27A}.DLL Universal Debug.Build.0 = Debug|Win32
		{ACC40C99-8881-4BE8-B928-D87BAD8FD27A}.DLL Universal Release.ActiveCfg = Release|Win32
		{ACC40C99-8881-4BE8-B928-D87BAD8FD27A}.DLL Universal Release.Build.0 = Release|Win32
		{ACC40C99-8881-4BE8-B928-D87BAD8FD27A}.DLL Universal Unicode Debug.ActiveCfg = Debug|Win32
		{ACC40C99-8881-4BE8-B928-D87BAD8FD27A}.DLL Universal Unicode Debug.Build.0 = Debug|Win32
		{ACC40C99-8881-4BE8-B928-D87BAD8FD27A}.DLL Universal Unicode Release.ActiveCfg = Release|Win32
		{ACC40C99-8881-4BE8-B928-D87BAD8FD27A}.DLL Universal Unicode Release.Build.0 = Release|Win32
		{ACC40C99-8881-4BE8-B928-D87BAD8FD27A}.Release.ActiveCfg = Release|Win32
		{ACC40C99-8881-4BE8-B928-D87BAD8FD27A}.Release.Build.0 = Release|Win32
		{ACC40C99-8881-4BE8-B928-D87BAD8FD27A}.Unicode Debug.ActiveCfg = Debug|Win32
		{ACC40C99-8881-4BE8-B928-D87BAD8FD27A}.Unicode Debug.Build.0 = Debug|Win32
		{ACC40C99-8881-4BE8-B928-D87BAD8FD27A}.Unicode Release.ActiveCfg = Release|Win32
		{ACC40C99-8881-4BE8-B928-D87BAD8FD27A}.Unicode Release.Build.0 = Release|Win32
		{ACC40C99-8881-4BE8-B928-D87BAD8FD27A}.Universal Debug.ActiveCfg = Debug|Win32
		{ACC40C99-8881-4BE8-B928-D87BAD8FD27A}.Universal Debug.Build.0 = Debug|Win32
		{ACC40C99-8881-4BE8-B928-D87BAD8FD27A}.Universal Release.ActiveCfg = Release|Win32
		{ACC40C99-8881-4BE8-B928-D87BAD8FD27A}.Universal Release.Build.0 = Release|Win32
		{ACC40C99-8881-4BE8-B928-D87BAD8FD27A}.Universal Unicode Debug.ActiveCfg = Debug|Win32
		{ACC40C99-8881-4BE8-B928-D87BAD8FD27A}.Universal Unicode Debug.Build.0 = Debug|Win32
		{ACC40C99-8881-4BE8-B928-D87BAD8FD27A}.Universal Unicode Release.ActiveCfg = Release|Win32
		{ACC40C99-8881-4BE8-B928-D87BAD8FD27A}.Universal Unicode Release.Build.0 = Release|Win32
		{62025065-8784-4EBD-A380-57763DDBD26D}.Debug.ActiveCfg = Debug|Win32
		{62025065-8784-4EBD-A380-57763DDBD26D}.Debug.Build.0 = Debug|Win32
		{62025065-8784-4EBD-A380-57763DDBD26D}.DLL Debug.ActiveCfg = Debug|Win32
		{62025065-8784-4EBD-A380-57763DDBD26D}.DLL Debug.Build.0 = Debug|Win32
		{62025065-8784-4EBD-A380-57763DDBD26D}.DLL Release.ActiveCfg = Release|Win32
		{62025065-8784-4EBD-A380-57763DDBD26D}.DLL Release.Build.0 = Release|Win32
		{62025065-8784-4EBD-A380-57763DDBD26D}.DLL Unicode Debug.ActiveCfg = Debug|Win32
		{62025065-8784-4EBD-A380-57763DDBD26D}.DLL Unicode Debug.Build.0 = Debug|Win32
		{62025065-8784-4EBD-A380-57763DDBD26D}.DLL Unicode Release.ActiveCfg = Release|Win32
		{62025065-8784-4EBD-A380-57763DDBD26D}.DLL Unicode Release.Build.0 = Release|Win32
		{62025065-8784-4EBD-A380-57763DDBD26D}.DLL Universal Debug.ActiveCfg = Debug|Win32
		{62025065-8784-4EBD-A380-57763DDBD26D}.DLL Universal Debug.Build.0 = Debug|Win32
		{62025065-8784-4EBD-A380-57763DDBD26D}.DLL Universal Release.ActiveCfg = Release|Win32
		{62025065-8784-4EBD-A380-57763DDBD26D}.DLL Universal Release.Build.0 = Release|Win32
		{62025065-8784-4EBD-A380-57763DDBD26D}.DLL Universal Unicode Debug.ActiveCfg = Debug|Win32
		{62025065-8784-4EBD-A380-57763DDBD26D}.DLL Universal Unicode Debug.Build.0 = Debug|Win32
		{62025065-8784-4EBD-A380-57763DDBD26D}.DLL Universal Unicode Release.ActiveCfg = Release|Win32
		{62025065-8784-4EBD-A380-57763DDBD26D}.DLL Universal Unicode Release.Build.0 = Release|Win32
		{62025065-8784-4EBD-A380-57763DDBD26D}.Release.ActiveCfg = Release|Win32
		{62025065-8784-4EBD-A380-57763DDBD26D}.Release.Build.0 = Release|Win32
		{62025065-8784-4EBD-A380-57763DDBD26D}.Unicode Debug.ActiveCfg = Debug|Win32
		{62025065-8784-4EBD-A380-57763DDBD26D}.Unicode Debug.Build.0 = Debug|Win32
		{62025065-8784-4EBD-A380-57763DDBD26D}.Unicode Release.ActiveCfg = Release|Win32
		{62025065-8784-4EBD-A380-57763DDBD26D}.Unicode Release.Build.0 = Release|Win32
		{62025065-8784-4EBD-A380-57763DDBD26D}.Universal Debug.ActiveCfg = Debug|Win32
		{62025065-8784-4EBD-A380-57763DDBD26D}.Universal Debug.Build.0 = Debug|Win32
		{62025065-8784-4EBD-A380-57763DDBD26D}.Universal Release.ActiveCfg = Release|Win32
		{62025065-8784-4EBD-A380-57763DDBD26D}.Universal Release.Build.0 = Release|Win32
		{62025065-8784-4EBD-A380-57763DDBD26D}.Universal Unicode Debug.ActiveCfg = Debug|Win32
		{62025065-8784-4EBD-A380-57763DDBD26D}.Universal Unicode Debug.Build.0 = Debug|Win32
		{62025065-8784-4EBD-A380-57763DDBD26D}.Universal Unicode Release.ActiveCfg = Release|Win32
		{62025065-8784-4EBD-A380-57763DDBD26D}.Universal Unicode Release.Build.0 = Release|Win32
	EndGlobalSection
	GlobalSection(ExtensibilityGlobals) = postSolution
	EndGlobalSection
	GlobalSection(ExtensibilityAddIns) = postSolution
	EndGlobalSection
EndGlobal
