// !$*UTF8*$!
{
	archiveVersion = 1;
	classes = {
	};
	objectVersion = 42;
	objects = {

/* Begin PBXAggregateTarget section */
		7C605EF60B4B6A4800350479 /* Frameworks */ = {
			isa = PBXAggregateTarget;
			buildConfigurationList = 7C605EFC0B4B6A7100350479 /* Build configuration list for PBXAggregateTarget "Frameworks" */;
			buildPhases = (
			);
			dependencies = (
				7C605EF90B4B6A5200350479 /* PBXTargetDependency */,
				7C605EFB0B4B6A5200350479 /* PBXTargetDependency */,
			);
			name = Frameworks;
			productName = Frameworks;
		};
		7CE0F50D0AF05334002F2A93 /* Commands */ = {
			isa = PBXAggregateTarget;
			buildConfigurationList = 7CE0F51C0AF05373002F2A93 /* Build configuration list for PBXAggregateTarget "Commands" */;
			buildPhases = (
			);
			dependencies = (
				7CE0F50F0AF0533D002F2A93 /* PBXTargetDependency */,
				7CE0F5110AF0533D002F2A93 /* PBXTargetDependency */,
				7CE0F5130AF0533D002F2A93 /* PBXTargetDependency */,
				7C333A180B1EAA09006AB880 /* PBXTargetDependency */,
				7CE0F5150AF0533D002F2A93 /* PBXTargetDependency */,
				7CE0F5170AF0533D002F2A93 /* PBXTargetDependency */,
				7C333A1A0B1EAA09006AB880 /* PBXTargetDependency */,
				7CF6A6A70B555F470077F8CF /* PBXTargetDependency */,
				7C64B7350B928567000A88D2 /* PBXTargetDependency */,
			);
			name = Commands;
			productName = Commands;
		};
		7CFCDD440B5EF15300DBAA00 /* All */ = {
			isa = PBXAggregateTarget;
			buildConfigurationList = 7CFCDD520B5EF1AF00DBAA00 /* Build configuration list for PBXAggregateTarget "All" */;
			buildPhases = (
			);
			dependencies = (
				7CFCDD460B5EF15C00DBAA00 /* PBXTargetDependency */,
				7CFCDD480B5EF15C00DBAA00 /* PBXTargetDependency */,
			);
			name = All;
			productName = All;
		};
/* End PBXAggregateTarget section */

/* Begin PBXBuildFile section */
		7C333A100B1EA99D006AB880 /* iccV4ToMPE.cpp in Sources */ = {isa = PBXBuildFile; fileRef = 7C333A0F0B1EA99D006AB880 /* iccV4ToMPE.cpp */; };
		7C49EA900B09122C00ADFFE7 /* iccCreateTRCMatrixDisplayProfile.cpp in Sources */ = {isa = PBXBuildFile; fileRef = 7C49EA8F0B09122C00ADFFE7 /* iccCreateTRCMatrixDisplayProfile.cpp */; };
		7C605E690B4B65E200350479 /* IccCmm.h in Headers */ = {isa = PBXBuildFile; fileRef = 7CE0F4170AF04D3F002F2A93 /* IccCmm.h */; settings = {ATTRIBUTES = (Public, ); }; };
		7C605E6A0B4B65E200350479 /* IccDefs.h in Headers */ = {isa = PBXBuildFile; fileRef = 7CE0F4180AF04D3F002F2A93 /* IccDefs.h */; settings = {ATTRIBUTES = (Public, ); }; };
		7C605E6B0B4B65E200350479 /* IccIO.h in Headers */ = {isa = PBXBuildFile; fileRef = 7CE0F41A0AF04D3F002F2A93 /* IccIO.h */; settings = {ATTRIBUTES = (Public, ); }; };
		7C605E6C0B4B65E200350479 /* IccMpeACS.h in Headers */ = {isa = PBXBuildFile; fileRef = 7CFB28B00B13D0230093D058 /* IccMpeACS.h */; settings = {ATTRIBUTES = (Public, ); }; };
		7C605E6D0B4B65E200350479 /* IccMpeBasic.h in Headers */ = {isa = PBXBuildFile; fileRef = 7CFB28B20B13D0230093D058 /* IccMpeBasic.h */; settings = {ATTRIBUTES = (Public, ); }; };
		7C605E6E0B4B65E200350479 /* IccMpeFactory.h in Headers */ = {isa = PBXBuildFile; fileRef = 7CFB28B40B13D0230093D058 /* IccMpeFactory.h */; settings = {ATTRIBUTES = (Public, ); }; };
		7C605E6F0B4B65E200350479 /* IccProfile.h in Headers */ = {isa = PBXBuildFile; fileRef = 7CE0F41C0AF04D3F002F2A93 /* IccProfile.h */; settings = {ATTRIBUTES = (Public, ); }; };
		7C605E700B4B65E200350479 /* IccProfLibConf.h in Headers */ = {isa = PBXBuildFile; fileRef = 7CE0F4210AF04D3F002F2A93 /* IccProfLibConf.h */; settings = {ATTRIBUTES = (Public, ); }; };
		7C605E710B4B65E200350479 /* IccTag.h in Headers */ = {isa = PBXBuildFile; fileRef = 7CE0F4220AF04D3F002F2A93 /* IccTag.h */; settings = {ATTRIBUTES = (Public, ); }; };
		7C605E720B4B65E200350479 /* IccTagBasic.h in Headers */ = {isa = PBXBuildFile; fileRef = 7CE0F4240AF04D3F002F2A93 /* IccTagBasic.h */; settings = {ATTRIBUTES = (Public, ); }; };
		7C605E730B4B65E200350479 /* IccTagFactory.h in Headers */ = {isa = PBXBuildFile; fileRef = 7CE0F4260AF04D3F002F2A93 /* IccTagFactory.h */; settings = {ATTRIBUTES = (Public, ); }; };
		7C605E740B4B65E200350479 /* IccTagLut.h in Headers */ = {isa = PBXBuildFile; fileRef = 7CE0F4280AF04D3F002F2A93 /* IccTagLut.h */; settings = {ATTRIBUTES = (Public, ); }; };
		7C605E750B4B65E200350479 /* IccTagMPE.h in Headers */ = {isa = PBXBuildFile; fileRef = 7CFB28B60B13D0230093D058 /* IccTagMPE.h */; settings = {ATTRIBUTES = (Public, ); }; };
		7C605E760B4B65E200350479 /* IccUtil.h in Headers */ = {isa = PBXBuildFile; fileRef = 7CE0F42A0AF04D3F002F2A93 /* IccUtil.h */; settings = {ATTRIBUTES = (Public, ); }; };
		7C605E770B4B65E200350479 /* icProfileHeader.h in Headers */ = {isa = PBXBuildFile; fileRef = 7CE0F42B0AF04D3F002F2A93 /* icProfileHeader.h */; settings = {ATTRIBUTES = (Public, ); }; };
		7C605E780B4B65E200350479 /* md5.h in Headers */ = {isa = PBXBuildFile; fileRef = 7CE0F4300AF04D3F002F2A93 /* md5.h */; settings = {ATTRIBUTES = (Public, ); }; };
		7C605E7B0B4B661400350479 /* IccCmm.cpp in Sources */ = {isa = PBXBuildFile; fileRef = 7CE0F4160AF04D3F002F2A93 /* IccCmm.cpp */; };
		7C605E7C0B4B661400350479 /* IccIO.cpp in Sources */ = {isa = PBXBuildFile; fileRef = 7CE0F4190AF04D3F002F2A93 /* IccIO.cpp */; };
		7C605E7D0B4B661400350479 /* IccMpeACS.cpp in Sources */ = {isa = PBXBuildFile; fileRef = 7CFB28AF0B13D0230093D058 /* IccMpeACS.cpp */; };
		7C605E7E0B4B661400350479 /* IccMpeBasic.cpp in Sources */ = {isa = PBXBuildFile; fileRef = 7CFB28B10B13D0230093D058 /* IccMpeBasic.cpp */; };
		7C605E7F0B4B661400350479 /* IccMpeFactory.cpp in Sources */ = {isa = PBXBuildFile; fileRef = 7CFB28B30B13D0230093D058 /* IccMpeFactory.cpp */; };
		7C605E800B4B661400350479 /* IccProfile.cpp in Sources */ = {isa = PBXBuildFile; fileRef = 7CE0F41B0AF04D3F002F2A93 /* IccProfile.cpp */; };
		7C605E810B4B661400350479 /* IccTagBasic.cpp in Sources */ = {isa = PBXBuildFile; fileRef = 7CE0F4230AF04D3F002F2A93 /* IccTagBasic.cpp */; };
		7C605E820B4B661400350479 /* IccTagFactory.cpp in Sources */ = {isa = PBXBuildFile; fileRef = 7CE0F4250AF04D3F002F2A93 /* IccTagFactory.cpp */; };
		7C605E830B4B661400350479 /* IccTagLut.cpp in Sources */ = {isa = PBXBuildFile; fileRef = 7CE0F4270AF04D3F002F2A93 /* IccTagLut.cpp */; };
		7C605E840B4B661400350479 /* IccTagMPE.cpp in Sources */ = {isa = PBXBuildFile; fileRef = 7CFB28B50B13D0230093D058 /* IccTagMPE.cpp */; };
		7C605E850B4B661400350479 /* IccUtil.cpp in Sources */ = {isa = PBXBuildFile; fileRef = 7CE0F4290AF04D3F002F2A93 /* IccUtil.cpp */; };
		7C605E860B4B661400350479 /* md5.cpp in Sources */ = {isa = PBXBuildFile; fileRef = 7CE0F42F0AF04D3F002F2A93 /* md5.cpp */; };
		7C605ECA0B4B68FC00350479 /* CLUTStuffer.h in Headers */ = {isa = PBXBuildFile; fileRef = 7C6291110AFEAD9C002D7386 /* CLUTStuffer.h */; settings = {ATTRIBUTES = (Public, ); }; };
		7C605ECB0B4B68FC00350479 /* CAT.h in Headers */ = {isa = PBXBuildFile; fileRef = 7CE0F4CB0AF05090002F2A93 /* CAT.h */; settings = {ATTRIBUTES = (Public, ); }; };
		7C605ECC0B4B68FC00350479 /* CLUT.h in Headers */ = {isa = PBXBuildFile; fileRef = 7CE0F4CD0AF05090002F2A93 /* CLUT.h */; settings = {ATTRIBUTES = (Public, ); }; };
		7C605ECD0B4B68FC00350479 /* IccToolException.h in Headers */ = {isa = PBXBuildFile; fileRef = 7C732D880B0E3746006A574A /* IccToolException.h */; settings = {ATTRIBUTES = (Public, ); }; };
		7C605ECE0B4B690E00350479 /* CLUTStuffer.cpp in Sources */ = {isa = PBXBuildFile; fileRef = 7C6291120AFEAD9C002D7386 /* CLUTStuffer.cpp */; };
		7C605ECF0B4B690E00350479 /* CAT.cpp in Sources */ = {isa = PBXBuildFile; fileRef = 7CE0F4CA0AF05090002F2A93 /* CAT.cpp */; };
		7C605ED00B4B690E00350479 /* CLUT.cpp in Sources */ = {isa = PBXBuildFile; fileRef = 7CE0F4CC0AF05090002F2A93 /* CLUT.cpp */; };
		7C605ED10B4B690E00350479 /* IccToolException.cpp in Sources */ = {isa = PBXBuildFile; fileRef = 7C732D890B0E3746006A574A /* IccToolException.cpp */; };
		7C605EF20B4B6A1C00350479 /* SampleICC.framework in Frameworks */ = {isa = PBXBuildFile; fileRef = 7C605E5C0B4B65A900350479 /* SampleICC.framework */; };
		7C605F000B4B6A7700350479 /* SampleICC.framework in Frameworks */ = {isa = PBXBuildFile; fileRef = 7C605E5C0B4B65A900350479 /* SampleICC.framework */; };
		7C605F0C0B4B6AF200350479 /* SampleICC.framework in Frameworks */ = {isa = PBXBuildFile; fileRef = 7C605E5C0B4B65A900350479 /* SampleICC.framework */; };
		7C605F0D0B4B6B0700350479 /* SampleICC.framework in Frameworks */ = {isa = PBXBuildFile; fileRef = 7C605E5C0B4B65A900350479 /* SampleICC.framework */; };
		7C605F120B4B6B3900350479 /* SampleICC.framework in Frameworks */ = {isa = PBXBuildFile; fileRef = 7C605E5C0B4B65A900350479 /* SampleICC.framework */; };
		7C605F130B4B6B3C00350479 /* SampleICCToolUtils.framework in Frameworks */ = {isa = PBXBuildFile; fileRef = 7C605EB30B4B683200350479 /* SampleICCToolUtils.framework */; };
		7C605F180B4B6B6F00350479 /* SampleICC.framework in Frameworks */ = {isa = PBXBuildFile; fileRef = 7C605E5C0B4B65A900350479 /* SampleICC.framework */; };
		7C605F190B4B6B6F00350479 /* SampleICCToolUtils.framework in Frameworks */ = {isa = PBXBuildFile; fileRef = 7C605EB30B4B683200350479 /* SampleICCToolUtils.framework */; };
		7C605F1E0B4B6B9300350479 /* SampleICC.framework in Frameworks */ = {isa = PBXBuildFile; fileRef = 7C605E5C0B4B65A900350479 /* SampleICC.framework */; };
		7C605F210B4B6BB400350479 /* SampleICC.framework in Frameworks */ = {isa = PBXBuildFile; fileRef = 7C605E5C0B4B65A900350479 /* SampleICC.framework */; };
		7C605F240B4B6BD700350479 /* SampleICC.framework in Frameworks */ = {isa = PBXBuildFile; fileRef = 7C605E5C0B4B65A900350479 /* SampleICC.framework */; };
		7C6291FF0AFEC69C002D7386 /* BlackScaler.cpp in Sources */ = {isa = PBXBuildFile; fileRef = 7C6291FE0AFEC69C002D7386 /* BlackScaler.cpp */; };
		7C64B7390B928584000A88D2 /* iccCreateProbeImages.cpp in Sources */ = {isa = PBXBuildFile; fileRef = 7C64B7380B928584000A88D2 /* iccCreateProbeImages.cpp */; };
		7C64B74A0B9287D1000A88D2 /* iccCreateProbeImages.cpp in Sources */ = {isa = PBXBuildFile; fileRef = 7C64B7380B928584000A88D2 /* iccCreateProbeImages.cpp */; };
		7C64B7750B928A2E000A88D2 /* ApplicationServices.framework in Frameworks */ = {isa = PBXBuildFile; fileRef = 7C64B7710B928A2E000A88D2 /* ApplicationServices.framework */; };
		7C8B00180B5725F200889B00 /* SampleICC.framework in Frameworks */ = {isa = PBXBuildFile; fileRef = 7C605E5C0B4B65A900350479 /* SampleICC.framework */; };
		7C8B00190B5725F200889B00 /* SampleICCToolUtils.framework in Frameworks */ = {isa = PBXBuildFile; fileRef = 7C605EB30B4B683200350479 /* SampleICCToolUtils.framework */; };
		7C8BFFFD0B5725E300889B00 /* roundTripThroughPcsLabEncoding.cpp in Sources */ = {isa = PBXBuildFile; fileRef = 7C8BFFFC0B5725E300889B00 /* roundTripThroughPcsLabEncoding.cpp */; };
		7CE0F4850AF04F9B002F2A93 /* iccApplyNamedCmm.cpp in Sources */ = {isa = PBXBuildFile; fileRef = 7CE0F47F0AF04F9B002F2A93 /* iccApplyNamedCmm.cpp */; };
		7CE0F4960AF04FE9002F2A93 /* cmyk16bit.txt in CopyFiles */ = {isa = PBXBuildFile; fileRef = 7CE0F4790AF04F9B002F2A93 /* cmyk16bit.txt */; };
		7CE0F4970AF04FE9002F2A93 /* cmyk8bit.txt in CopyFiles */ = {isa = PBXBuildFile; fileRef = 7CE0F47A0AF04F9B002F2A93 /* cmyk8bit.txt */; };
		7CE0F4980AF04FE9002F2A93 /* cmykFloat.txt in CopyFiles */ = {isa = PBXBuildFile; fileRef = 7CE0F47B0AF04F9B002F2A93 /* cmykFloat.txt */; };
		7CE0F4990AF04FE9002F2A93 /* cmykPercent.txt in CopyFiles */ = {isa = PBXBuildFile; fileRef = 7CE0F47C0AF04F9B002F2A93 /* cmykPercent.txt */; };
		7CE0F49A0AF04FE9002F2A93 /* labValue.txt in CopyFiles */ = {isa = PBXBuildFile; fileRef = 7CE0F47D0AF04F9B002F2A93 /* labValue.txt */; };
		7CE0F49B0AF04FE9002F2A93 /* namedColor.txt in CopyFiles */ = {isa = PBXBuildFile; fileRef = 7CE0F47E0AF04F9B002F2A93 /* namedColor.txt */; };
		7CE0F4C50AF05033002F2A93 /* iccApplyProfiles.cpp in Sources */ = {isa = PBXBuildFile; fileRef = 7CE0F4BD0AF05033002F2A93 /* iccApplyProfiles.cpp */; };
		7CE0F4C60AF05033002F2A93 /* TiffImg.cpp in Sources */ = {isa = PBXBuildFile; fileRef = 7CE0F4C30AF05033002F2A93 /* TiffImg.cpp */; };
		7CE0F4DA0AF05090002F2A93 /* iccCreateCLUTProfile.cpp in Sources */ = {isa = PBXBuildFile; fileRef = 7CE0F4CE0AF05090002F2A93 /* iccCreateCLUTProfile.cpp */; };
		7CE0F4E80AF05143002F2A93 /* iccFlattenAToBTag.cpp in Sources */ = {isa = PBXBuildFile; fileRef = 7CE0F4D10AF05090002F2A93 /* iccFlattenAToBTag.cpp */; };
		7CE0F4F30AF0517D002F2A93 /* iccDumpProfile.cpp in Sources */ = {isa = PBXBuildFile; fileRef = 7CE0F4ED0AF0517D002F2A93 /* iccDumpProfile.cpp */; };
		7CE0F5070AF052BA002F2A93 /* iccProfLibTest.cpp in Sources */ = {isa = PBXBuildFile; fileRef = 7CE0F4FF0AF052BA002F2A93 /* iccProfLibTest.cpp */; };
		7CE0F5080AF052BA002F2A93 /* WriteFunctions.cpp in Sources */ = {isa = PBXBuildFile; fileRef = 7CE0F5050AF052BA002F2A93 /* WriteFunctions.cpp */; };
		7CF6A6A90B555FA20077F8CF /* MeasurementExtractor.cpp in Sources */ = {isa = PBXBuildFile; fileRef = 7CF6A67E0B5554B90077F8CF /* MeasurementExtractor.cpp */; };
		7CF6A6F50B5560F40077F8CF /* SampleICC.framework in Frameworks */ = {isa = PBXBuildFile; fileRef = 7C605E5C0B4B65A900350479 /* SampleICC.framework */; };
		7CF6A6F60B5560F40077F8CF /* SampleICCToolUtils.framework in Frameworks */ = {isa = PBXBuildFile; fileRef = 7C605EB30B4B683200350479 /* SampleICCToolUtils.framework */; };
		7CF6A6FD0B556F6F0077F8CF /* iccReconstructMeasurements.cpp in Sources */ = {isa = PBXBuildFile; fileRef = 7CF6A6FC0B556F6D0077F8CF /* iccReconstructMeasurements.cpp */; };
/* End PBXBuildFile section */

/* Begin PBXContainerItemProxy section */
		7C333A170B1EAA09006AB880 /* PBXContainerItemProxy */ = {
			isa = PBXContainerItemProxy;
			containerPortal = 08FB7793FE84155DC02AAC07 /* Project object */;
			proxyType = 1;
			remoteGlobalIDString = 7C49EA770B09114D00ADFFE7;
			remoteInfo = iccCreateTRCMatrixDisplayProfile;
		};
		7C333A190B1EAA09006AB880 /* PBXContainerItemProxy */ = {
			isa = PBXContainerItemProxy;
			containerPortal = 08FB7793FE84155DC02AAC07 /* Project object */;
			proxyType = 1;
			remoteGlobalIDString = 7C333A050B1EA925006AB880;
			remoteInfo = iccV4ToMpe;
		};
		7C605ED20B4B692000350479 /* PBXContainerItemProxy */ = {
			isa = PBXContainerItemProxy;
			containerPortal = 08FB7793FE84155DC02AAC07 /* Project object */;
			proxyType = 1;
			remoteGlobalIDString = 7C605E5B0B4B65A800350479;
			remoteInfo = SampleICC;
		};
		7C605EF80B4B6A5200350479 /* PBXContainerItemProxy */ = {
			isa = PBXContainerItemProxy;
			containerPortal = 08FB7793FE84155DC02AAC07 /* Project object */;
			proxyType = 1;
			remoteGlobalIDString = 7C605E5B0B4B65A800350479;
			remoteInfo = SampleICC;
		};
		7C605EFA0B4B6A5200350479 /* PBXContainerItemProxy */ = {
			isa = PBXContainerItemProxy;
			containerPortal = 08FB7793FE84155DC02AAC07 /* Project object */;
			proxyType = 1;
			remoteGlobalIDString = 7C605EB20B4B683200350479;
			remoteInfo = SampleICCToolUtils;
		};
		7C605F010B4B6A9100350479 /* PBXContainerItemProxy */ = {
			isa = PBXContainerItemProxy;
			containerPortal = 08FB7793FE84155DC02AAC07 /* Project object */;
			proxyType = 1;
			remoteGlobalIDString = 7C605E5B0B4B65A800350479;
			remoteInfo = SampleICC;
		};
		7C605F0E0B4B6B1700350479 /* PBXContainerItemProxy */ = {
			isa = PBXContainerItemProxy;
			containerPortal = 08FB7793FE84155DC02AAC07 /* Project object */;
			proxyType = 1;
			remoteGlobalIDString = 7C605E5B0B4B65A800350479;
			remoteInfo = SampleICC;
		};
		7C605F100B4B6B2B00350479 /* PBXContainerItemProxy */ = {
			isa = PBXContainerItemProxy;
			containerPortal = 08FB7793FE84155DC02AAC07 /* Project object */;
			proxyType = 1;
			remoteGlobalIDString = 7C605E5B0B4B65A800350479;
			remoteInfo = SampleICC;
		};
		7C605F140B4B6B5900350479 /* PBXContainerItemProxy */ = {
			isa = PBXContainerItemProxy;
			containerPortal = 08FB7793FE84155DC02AAC07 /* Project object */;
			proxyType = 1;
			remoteGlobalIDString = 7C605E5B0B4B65A800350479;
			remoteInfo = SampleICC;
		};
		7C605F160B4B6B5900350479 /* PBXContainerItemProxy */ = {
			isa = PBXContainerItemProxy;
			containerPortal = 08FB7793FE84155DC02AAC07 /* Project object */;
			proxyType = 1;
			remoteGlobalIDString = 7C605EB20B4B683200350479;
			remoteInfo = SampleICCToolUtils;
		};
		7C605F1A0B4B6B8200350479 /* PBXContainerItemProxy */ = {
			isa = PBXContainerItemProxy;
			containerPortal = 08FB7793FE84155DC02AAC07 /* Project object */;
			proxyType = 1;
			remoteGlobalIDString = 7C605E5B0B4B65A800350479;
			remoteInfo = SampleICC;
		};
		7C605F1C0B4B6B8200350479 /* PBXContainerItemProxy */ = {
			isa = PBXContainerItemProxy;
			containerPortal = 08FB7793FE84155DC02AAC07 /* Project object */;
			proxyType = 1;
			remoteGlobalIDString = 7C605EB20B4B683200350479;
			remoteInfo = SampleICCToolUtils;
		};
		7C605F1F0B4B6BA300350479 /* PBXContainerItemProxy */ = {
			isa = PBXContainerItemProxy;
			containerPortal = 08FB7793FE84155DC02AAC07 /* Project object */;
			proxyType = 1;
			remoteGlobalIDString = 7C605E5B0B4B65A800350479;
			remoteInfo = SampleICC;
		};
		7C605F220B4B6BC800350479 /* PBXContainerItemProxy */ = {
			isa = PBXContainerItemProxy;
			containerPortal = 08FB7793FE84155DC02AAC07 /* Project object */;
			proxyType = 1;
			remoteGlobalIDString = 7C605E5B0B4B65A800350479;
			remoteInfo = SampleICC;
		};
		7C605F250B4B6BE900350479 /* PBXContainerItemProxy */ = {
			isa = PBXContainerItemProxy;
			containerPortal = 08FB7793FE84155DC02AAC07 /* Project object */;
			proxyType = 1;
			remoteGlobalIDString = 7C605E5B0B4B65A800350479;
			remoteInfo = SampleICC;
		};
		7C64B7340B928567000A88D2 /* PBXContainerItemProxy */ = {
			isa = PBXContainerItemProxy;
			containerPortal = 08FB7793FE84155DC02AAC07 /* Project object */;
			proxyType = 1;
			remoteGlobalIDString = 7C64B5EE0B9284D2000A88D2;
			remoteInfo = iccCreateProbeImages;
		};
		7C8BFFF00B57257800889B00 /* PBXContainerItemProxy */ = {
			isa = PBXContainerItemProxy;
			containerPortal = 08FB7793FE84155DC02AAC07 /* Project object */;
			proxyType = 1;
			remoteGlobalIDString = 7C605E5B0B4B65A800350479;
			remoteInfo = SampleICC;
		};
		7C8BFFF20B57257800889B00 /* PBXContainerItemProxy */ = {
			isa = PBXContainerItemProxy;
			containerPortal = 08FB7793FE84155DC02AAC07 /* Project object */;
			proxyType = 1;
			remoteGlobalIDString = 7C605EB20B4B683200350479;
			remoteInfo = SampleICCToolUtils;
		};
		7CE0F4E50AF0510F002F2A93 /* PBXContainerItemProxy */ = {
			isa = PBXContainerItemProxy;
			containerPortal = 08FB7793FE84155DC02AAC07 /* Project object */;
			proxyType = 1;
			remoteGlobalIDString = 7CE0F4E00AF050E4002F2A93;
			remoteInfo = iccFlattenAToBTag;
		};
		7CE0F50E0AF0533D002F2A93 /* PBXContainerItemProxy */ = {
			isa = PBXContainerItemProxy;
			containerPortal = 08FB7793FE84155DC02AAC07 /* Project object */;
			proxyType = 1;
			remoteGlobalIDString = 7CE0F4560AF04F02002F2A93;
			remoteInfo = iccApplyNamedCmm;
		};
		7CE0F5100AF0533D002F2A93 /* PBXContainerItemProxy */ = {
			isa = PBXContainerItemProxy;
			containerPortal = 08FB7793FE84155DC02AAC07 /* Project object */;
			proxyType = 1;
			remoteGlobalIDString = 7CE0F4E00AF050E4002F2A93;
			remoteInfo = iccFlattenAToBTag;
		};
		7CE0F5120AF0533D002F2A93 /* PBXContainerItemProxy */ = {
			isa = PBXContainerItemProxy;
			containerPortal = 08FB7793FE84155DC02AAC07 /* Project object */;
			proxyType = 1;
			remoteGlobalIDString = 7CE0F4640AF04F3C002F2A93;
			remoteInfo = iccCreateCLUTInputProfile;
		};
		7CE0F5140AF0533D002F2A93 /* PBXContainerItemProxy */ = {
			isa = PBXContainerItemProxy;
			containerPortal = 08FB7793FE84155DC02AAC07 /* Project object */;
			proxyType = 1;
			remoteGlobalIDString = 7CE0F46B0AF04F59002F2A93;
			remoteInfo = iccDumpProfile;
		};
		7CE0F5160AF0533D002F2A93 /* PBXContainerItemProxy */ = {
			isa = PBXContainerItemProxy;
			containerPortal = 08FB7793FE84155DC02AAC07 /* Project object */;
			proxyType = 1;
			remoteGlobalIDString = 7CE0F4720AF04F73002F2A93;
			remoteInfo = iccProfLibTest;
		};
		7CF6A6960B555F1A0077F8CF /* PBXContainerItemProxy */ = {
			isa = PBXContainerItemProxy;
			containerPortal = 08FB7793FE84155DC02AAC07 /* Project object */;
			proxyType = 1;
			remoteGlobalIDString = 7C605E5B0B4B65A800350479;
			remoteInfo = SampleICC;
		};
		7CF6A6980B555F1A0077F8CF /* PBXContainerItemProxy */ = {
			isa = PBXContainerItemProxy;
			containerPortal = 08FB7793FE84155DC02AAC07 /* Project object */;
			proxyType = 1;
			remoteGlobalIDString = 7C605EB20B4B683200350479;
			remoteInfo = SampleICCToolUtils;
		};
		7CF6A6A60B555F470077F8CF /* PBXContainerItemProxy */ = {
			isa = PBXContainerItemProxy;
			containerPortal = 08FB7793FE84155DC02AAC07 /* Project object */;
			proxyType = 1;
			remoteGlobalIDString = 7CF6A68F0B555F0D0077F8CF;
			remoteInfo = iccReconstructMeasurement;
		};
		7CFCDD450B5EF15C00DBAA00 /* PBXContainerItemProxy */ = {
			isa = PBXContainerItemProxy;
			containerPortal = 08FB7793FE84155DC02AAC07 /* Project object */;
			proxyType = 1;
			remoteGlobalIDString = 7C605EF60B4B6A4800350479;
			remoteInfo = Frameworks;
		};
		7CFCDD470B5EF15C00DBAA00 /* PBXContainerItemProxy */ = {
			isa = PBXContainerItemProxy;
			containerPortal = 08FB7793FE84155DC02AAC07 /* Project object */;
			proxyType = 1;
			remoteGlobalIDString = 7CE0F50D0AF05334002F2A93;
			remoteInfo = Commands;
		};
/* End PBXContainerItemProxy section */

/* Begin PBXCopyFilesBuildPhase section */
		7CE0F4BB0AF05017002F2A93 /* CopyFiles */ = {
			isa = PBXCopyFilesBuildPhase;
			buildActionMask = 2147483647;
			dstPath = "";
			dstSubfolderSpec = 16;
			files = (
				7CE0F4960AF04FE9002F2A93 /* cmyk16bit.txt in CopyFiles */,
				7CE0F4970AF04FE9002F2A93 /* cmyk8bit.txt in CopyFiles */,
				7CE0F4980AF04FE9002F2A93 /* cmykFloat.txt in CopyFiles */,
				7CE0F4990AF04FE9002F2A93 /* cmykPercent.txt in CopyFiles */,
				7CE0F49A0AF04FE9002F2A93 /* labValue.txt in CopyFiles */,
				7CE0F49B0AF04FE9002F2A93 /* namedColor.txt in CopyFiles */,
			);
			runOnlyForDeploymentPostprocessing = 0;
		};
/* End PBXCopyFilesBuildPhase section */

/* Begin PBXFileReference section */
		7C333A060B1EA925006AB880 /* iccV4ToMpe */ = {isa = PBXFileReference; explicitFileType = "compiled.mach-o.executable"; includeInIndex = 0; path = iccV4ToMpe; sourceTree = BUILT_PRODUCTS_DIR; };
		7C333A0F0B1EA99D006AB880 /* iccV4ToMPE.cpp */ = {isa = PBXFileReference; fileEncoding = 30; lastKnownFileType = sourcecode.cpp.cpp; name = iccV4ToMPE.cpp; path = Tools/CmdLine/IccV4ToMPE/iccV4ToMPE.cpp; sourceTree = "<group>"; };
		7C49EA780B09114D00ADFFE7 /* iccCreateTRCMatrixDisplayProfile */ = {isa = PBXFileReference; explicitFileType = "compiled.mach-o.executable"; includeInIndex = 0; path = iccCreateTRCMatrixDisplayProfile; sourceTree = BUILT_PRODUCTS_DIR; };
		7C49EA8F0B09122C00ADFFE7 /* iccCreateTRCMatrixDisplayProfile.cpp */ = {isa = PBXFileReference; fileEncoding = 4; lastKnownFileType = sourcecode.cpp.cpp; name = iccCreateTRCMatrixDisplayProfile.cpp; path = Tools/CmdLine/IccCreateTRCMatrixDisplayProfile/iccCreateTRCMatrixDisplayProfile.cpp; sourceTree = "<group>"; };
		7C605E5C0B4B65A900350479 /* SampleICC.framework */ = {isa = PBXFileReference; explicitFileType = wrapper.framework; includeInIndex = 0; path = SampleICC.framework; sourceTree = BUILT_PRODUCTS_DIR; };
		7C605E5D0B4B65A900350479 /* SampleICC-Info.plist */ = {isa = PBXFileReference; lastKnownFileType = text.xml; path = "SampleICC-Info.plist"; sourceTree = "<group>"; };
		7C605EB30B4B683200350479 /* SampleICCToolUtils.framework */ = {isa = PBXFileReference; explicitFileType = wrapper.framework; includeInIndex = 0; path = SampleICCToolUtils.framework; sourceTree = BUILT_PRODUCTS_DIR; };
		7C605EB40B4B683200350479 /* SampleICCToolUtils-Info.plist */ = {isa = PBXFileReference; lastKnownFileType = text.xml; path = "SampleICCToolUtils-Info.plist"; sourceTree = "<group>"; };
		7C6291110AFEAD9C002D7386 /* CLUTStuffer.h */ = {isa = PBXFileReference; fileEncoding = 4; lastKnownFileType = sourcecode.c.h; name = CLUTStuffer.h; path = ../Tools/CmdLine/IccToolUtilsLib/CLUTStuffer.h; sourceTree = "<group>"; };
		7C6291120AFEAD9C002D7386 /* CLUTStuffer.cpp */ = {isa = PBXFileReference; fileEncoding = 4; lastKnownFileType = sourcecode.cpp.cpp; name = CLUTStuffer.cpp; path = ../Tools/CmdLine/IccToolUtilsLib/CLUTStuffer.cpp; sourceTree = "<group>"; };
		7C6291FE0AFEC69C002D7386 /* BlackScaler.cpp */ = {isa = PBXFileReference; fileEncoding = 4; lastKnownFileType = sourcecode.cpp.cpp; path = BlackScaler.cpp; sourceTree = "<group>"; };
		7C6292E80AFFEC19002D7386 /* BlackScaler.h */ = {isa = PBXFileReference; fileEncoding = 4; lastKnownFileType = sourcecode.c.h; path = BlackScaler.h; sourceTree = "<group>"; };
		7C64B5EF0B9284D2000A88D2 /* iccCreateProbeImages */ = {isa = PBXFileReference; explicitFileType = "compiled.mach-o.executable"; includeInIndex = 0; path = iccCreateProbeImages; sourceTree = BUILT_PRODUCTS_DIR; };
		7C64B7380B928584000A88D2 /* iccCreateProbeImages.cpp */ = {isa = PBXFileReference; fileEncoding = 4; lastKnownFileType = sourcecode.cpp.cpp; path = iccCreateProbeImages.cpp; sourceTree = "<group>"; };
		7C64B7710B928A2E000A88D2 /* ApplicationServices.framework */ = {isa = PBXFileReference; lastKnownFileType = wrapper.framework; name = ApplicationServices.framework; path = /System/Library/Frameworks/ApplicationServices.framework; sourceTree = "<absolute>"; };
		7C732D880B0E3746006A574A /* IccToolException.h */ = {isa = PBXFileReference; fileEncoding = 4; lastKnownFileType = sourcecode.c.h; name = IccToolException.h; path = ../Tools/CmdLine/IccToolUtilsLib/IccToolException.h; sourceTree = "<group>"; };
		7C732D890B0E3746006A574A /* IccToolException.cpp */ = {isa = PBXFileReference; fileEncoding = 4; lastKnownFileType = sourcecode.cpp.cpp; name = IccToolException.cpp; path = ../Tools/CmdLine/IccToolUtilsLib/IccToolException.cpp; sourceTree = "<group>"; };
		7C8BFFEA0B57256500889B00 /* roundTripThroughPcsLabEncoding */ = {isa = PBXFileReference; explicitFileType = "compiled.mach-o.executable"; includeInIndex = 0; path = roundTripThroughPcsLabEncoding; sourceTree = BUILT_PRODUCTS_DIR; };
		7C8BFFFC0B5725E300889B00 /* roundTripThroughPcsLabEncoding.cpp */ = {isa = PBXFileReference; fileEncoding = 30; lastKnownFileType = sourcecode.cpp.cpp; name = roundTripThroughPcsLabEncoding.cpp; path = Tools/CmdLine/IccReconstructMeasurements/examples/roundTripThroughPcsLabEncoding.cpp; sourceTree = "<group>"; };
		7CE0F4160AF04D3F002F2A93 /* IccCmm.cpp */ = {isa = PBXFileReference; fileEncoding = 30; lastKnownFileType = sourcecode.cpp.cpp; path = IccCmm.cpp; sourceTree = "<group>"; };
		7CE0F4170AF04D3F002F2A93 /* IccCmm.h */ = {isa = PBXFileReference; fileEncoding = 30; lastKnownFileType = sourcecode.c.h; path = IccCmm.h; sourceTree = "<group>"; };
		7CE0F4180AF04D3F002F2A93 /* IccDefs.h */ = {isa = PBXFileReference; fileEncoding = 30; lastKnownFileType = sourcecode.c.h; path = IccDefs.h; sourceTree = "<group>"; };
		7CE0F4190AF04D3F002F2A93 /* IccIO.cpp */ = {isa = PBXFileReference; fileEncoding = 30; lastKnownFileType = sourcecode.cpp.cpp; path = IccIO.cpp; sourceTree = "<group>"; };
		7CE0F41A0AF04D3F002F2A93 /* IccIO.h */ = {isa = PBXFileReference; fileEncoding = 30; lastKnownFileType = sourcecode.c.h; path = IccIO.h; sourceTree = "<group>"; };
		7CE0F41B0AF04D3F002F2A93 /* IccProfile.cpp */ = {isa = PBXFileReference; fileEncoding = 30; lastKnownFileType = sourcecode.cpp.cpp; path = IccProfile.cpp; sourceTree = "<group>"; };
		7CE0F41C0AF04D3F002F2A93 /* IccProfile.h */ = {isa = PBXFileReference; fileEncoding = 30; lastKnownFileType = sourcecode.c.h; path = IccProfile.h; sourceTree = "<group>"; };
		7CE0F4210AF04D3F002F2A93 /* IccProfLibConf.h */ = {isa = PBXFileReference; fileEncoding = 30; lastKnownFileType = sourcecode.c.h; path = IccProfLibConf.h; sourceTree = "<group>"; };
		7CE0F4220AF04D3F002F2A93 /* IccTag.h */ = {isa = PBXFileReference; fileEncoding = 30; lastKnownFileType = sourcecode.c.h; path = IccTag.h; sourceTree = "<group>"; };
		7CE0F4230AF04D3F002F2A93 /* IccTagBasic.cpp */ = {isa = PBXFileReference; fileEncoding = 30; lastKnownFileType = sourcecode.cpp.cpp; path = IccTagBasic.cpp; sourceTree = "<group>"; };
		7CE0F4240AF04D3F002F2A93 /* IccTagBasic.h */ = {isa = PBXFileReference; fileEncoding = 30; lastKnownFileType = sourcecode.c.h; path = IccTagBasic.h; sourceTree = "<group>"; };
		7CE0F4250AF04D3F002F2A93 /* IccTagFactory.cpp */ = {isa = PBXFileReference; fileEncoding = 30; lastKnownFileType = sourcecode.cpp.cpp; path = IccTagFactory.cpp; sourceTree = "<group>"; };
		7CE0F4260AF04D3F002F2A93 /* IccTagFactory.h */ = {isa = PBXFileReference; fileEncoding = 30; lastKnownFileType = sourcecode.c.h; path = IccTagFactory.h; sourceTree = "<group>"; };
		7CE0F4270AF04D3F002F2A93 /* IccTagLut.cpp */ = {isa = PBXFileReference; fileEncoding = 30; lastKnownFileType = sourcecode.cpp.cpp; path = IccTagLut.cpp; sourceTree = "<group>"; };
		7CE0F4280AF04D3F002F2A93 /* IccTagLut.h */ = {isa = PBXFileReference; fileEncoding = 30; lastKnownFileType = sourcecode.c.h; path = IccTagLut.h; sourceTree = "<group>"; };
		7CE0F4290AF04D3F002F2A93 /* IccUtil.cpp */ = {isa = PBXFileReference; fileEncoding = 30; lastKnownFileType = sourcecode.cpp.cpp; path = IccUtil.cpp; sourceTree = "<group>"; };
		7CE0F42A0AF04D3F002F2A93 /* IccUtil.h */ = {isa = PBXFileReference; fileEncoding = 30; lastKnownFileType = sourcecode.c.h; path = IccUtil.h; sourceTree = "<group>"; };
		7CE0F42B0AF04D3F002F2A93 /* icProfileHeader.h */ = {isa = PBXFileReference; fileEncoding = 30; lastKnownFileType = sourcecode.c.h; path = icProfileHeader.h; sourceTree = "<group>"; };
		7CE0F42F0AF04D3F002F2A93 /* md5.cpp */ = {isa = PBXFileReference; fileEncoding = 30; lastKnownFileType = sourcecode.cpp.cpp; path = md5.cpp; sourceTree = "<group>"; };
		7CE0F4300AF04D3F002F2A93 /* md5.h */ = {isa = PBXFileReference; fileEncoding = 30; lastKnownFileType = sourcecode.c.h; path = md5.h; sourceTree = "<group>"; };
		7CE0F4570AF04F02002F2A93 /* iccApplyNamedCmm */ = {isa = PBXFileReference; explicitFileType = "compiled.mach-o.executable"; includeInIndex = 0; path = iccApplyNamedCmm; sourceTree = BUILT_PRODUCTS_DIR; };
		7CE0F45E0AF04F1C002F2A93 /* iccApplyProfiles */ = {isa = PBXFileReference; explicitFileType = "compiled.mach-o.executable"; includeInIndex = 0; path = iccApplyProfiles; sourceTree = BUILT_PRODUCTS_DIR; };
		7CE0F4650AF04F3C002F2A93 /* iccCreateCLUTProfile */ = {isa = PBXFileReference; explicitFileType = "compiled.mach-o.executable"; includeInIndex = 0; path = iccCreateCLUTProfile; sourceTree = BUILT_PRODUCTS_DIR; };
		7CE0F46C0AF04F59002F2A93 /* iccDumpProfile */ = {isa = PBXFileReference; explicitFileType = "compiled.mach-o.executable"; includeInIndex = 0; path = iccDumpProfile; sourceTree = BUILT_PRODUCTS_DIR; };
		7CE0F4730AF04F73002F2A93 /* iccProfLibTest */ = {isa = PBXFileReference; explicitFileType = "compiled.mach-o.executable"; includeInIndex = 0; path = iccProfLibTest; sourceTree = BUILT_PRODUCTS_DIR; };
		7CE0F4790AF04F9B002F2A93 /* cmyk16bit.txt */ = {isa = PBXFileReference; fileEncoding = 30; lastKnownFileType = text; path = cmyk16bit.txt; sourceTree = "<group>"; };
		7CE0F47A0AF04F9B002F2A93 /* cmyk8bit.txt */ = {isa = PBXFileReference; fileEncoding = 30; lastKnownFileType = text; path = cmyk8bit.txt; sourceTree = "<group>"; };
		7CE0F47B0AF04F9B002F2A93 /* cmykFloat.txt */ = {isa = PBXFileReference; fileEncoding = 30; lastKnownFileType = text; path = cmykFloat.txt; sourceTree = "<group>"; };
		7CE0F47C0AF04F9B002F2A93 /* cmykPercent.txt */ = {isa = PBXFileReference; fileEncoding = 30; lastKnownFileType = text; path = cmykPercent.txt; sourceTree = "<group>"; };
		7CE0F47D0AF04F9B002F2A93 /* labValue.txt */ = {isa = PBXFileReference; fileEncoding = 30; lastKnownFileType = text; path = labValue.txt; sourceTree = "<group>"; };
		7CE0F47E0AF04F9B002F2A93 /* namedColor.txt */ = {isa = PBXFileReference; fileEncoding = 30; lastKnownFileType = text; path = namedColor.txt; sourceTree = "<group>"; };
		7CE0F47F0AF04F9B002F2A93 /* iccApplyNamedCmm.cpp */ = {isa = PBXFileReference; fileEncoding = 30; lastKnownFileType = sourcecode.cpp.cpp; path = iccApplyNamedCmm.cpp; sourceTree = "<group>"; };
		7CE0F4BD0AF05033002F2A93 /* iccApplyProfiles.cpp */ = {isa = PBXFileReference; fileEncoding = 30; lastKnownFileType = sourcecode.cpp.cpp; path = iccApplyProfiles.cpp; sourceTree = "<group>"; };
		7CE0F4C30AF05033002F2A93 /* TiffImg.cpp */ = {isa = PBXFileReference; fileEncoding = 30; lastKnownFileType = sourcecode.cpp.cpp; path = TiffImg.cpp; sourceTree = "<group>"; };
		7CE0F4C40AF05033002F2A93 /* TiffImg.h */ = {isa = PBXFileReference; fileEncoding = 30; lastKnownFileType = sourcecode.c.h; path = TiffImg.h; sourceTree = "<group>"; };
		7CE0F4CA0AF05090002F2A93 /* CAT.cpp */ = {isa = PBXFileReference; fileEncoding = 30; lastKnownFileType = sourcecode.cpp.cpp; name = CAT.cpp; path = ../Tools/CmdLine/IccToolUtilsLib/CAT.cpp; sourceTree = "<group>"; };
		7CE0F4CB0AF05090002F2A93 /* CAT.h */ = {isa = PBXFileReference; fileEncoding = 30; lastKnownFileType = sourcecode.c.h; name = CAT.h; path = ../Tools/CmdLine/IccToolUtilsLib/CAT.h; sourceTree = "<group>"; };
		7CE0F4CC0AF05090002F2A93 /* CLUT.cpp */ = {isa = PBXFileReference; fileEncoding = 30; lastKnownFileType = sourcecode.cpp.cpp; name = CLUT.cpp; path = ../Tools/CmdLine/IccToolUtilsLib/CLUT.cpp; sourceTree = "<group>"; };
		7CE0F4CD0AF05090002F2A93 /* CLUT.h */ = {isa = PBXFileReference; fileEncoding = 30; lastKnownFileType = sourcecode.c.h; name = CLUT.h; path = ../Tools/CmdLine/IccToolUtilsLib/CLUT.h; sourceTree = "<group>"; };
		7CE0F4CE0AF05090002F2A93 /* iccCreateCLUTProfile.cpp */ = {isa = PBXFileReference; fileEncoding = 30; lastKnownFileType = sourcecode.cpp.cpp; path = iccCreateCLUTProfile.cpp; sourceTree = "<group>"; };
		7CE0F4D10AF05090002F2A93 /* iccFlattenAToBTag.cpp */ = {isa = PBXFileReference; fileEncoding = 30; lastKnownFileType = sourcecode.cpp.cpp; path = iccFlattenAToBTag.cpp; sourceTree = "<group>"; };
		7CE0F4E10AF050E4002F2A93 /* iccFlattenAToBTag */ = {isa = PBXFileReference; explicitFileType = "compiled.mach-o.executable"; includeInIndex = 0; path = iccFlattenAToBTag; sourceTree = BUILT_PRODUCTS_DIR; };
		7CE0F4ED0AF0517D002F2A93 /* iccDumpProfile.cpp */ = {isa = PBXFileReference; fileEncoding = 30; lastKnownFileType = sourcecode.cpp.cpp; path = iccDumpProfile.cpp; sourceTree = "<group>"; };
		7CE0F4FF0AF052BA002F2A93 /* iccProfLibTest.cpp */ = {isa = PBXFileReference; fileEncoding = 30; lastKnownFileType = sourcecode.cpp.cpp; path = iccProfLibTest.cpp; sourceTree = "<group>"; };
		7CE0F5000AF052BA002F2A93 /* iccProfLibTest.dsp */ = {isa = PBXFileReference; fileEncoding = 30; lastKnownFileType = text; path = iccProfLibTest.dsp; sourceTree = "<group>"; };
		7CE0F5010AF052BA002F2A93 /* iccProfLibTest.vcproj */ = {isa = PBXFileReference; fileEncoding = 30; lastKnownFileType = text.xml; path = iccProfLibTest.vcproj; sourceTree = "<group>"; };
		7CE0F5020AF052BA002F2A93 /* Makefile.am */ = {isa = PBXFileReference; fileEncoding = 30; lastKnownFileType = text; path = Makefile.am; sourceTree = "<group>"; };
		7CE0F5030AF052BA002F2A93 /* Makefile.in */ = {isa = PBXFileReference; fileEncoding = 30; lastKnownFileType = text; path = Makefile.in; sourceTree = "<group>"; };
		7CE0F5050AF052BA002F2A93 /* WriteFunctions.cpp */ = {isa = PBXFileReference; fileEncoding = 30; lastKnownFileType = sourcecode.cpp.cpp; path = WriteFunctions.cpp; sourceTree = "<group>"; };
		7CE0F5060AF052BA002F2A93 /* WriteFunctions.h */ = {isa = PBXFileReference; fileEncoding = 30; lastKnownFileType = sourcecode.c.h; path = WriteFunctions.h; sourceTree = "<group>"; };
		7CF6A67D0B5554B90077F8CF /* MeasurementExtractor.h */ = {isa = PBXFileReference; fileEncoding = 4; lastKnownFileType = sourcecode.c.h; name = MeasurementExtractor.h; path = Tools/CmdLine/IccReconstructMeasurements/MeasurementExtractor.h; sourceTree = "<group>"; };
		7CF6A67E0B5554B90077F8CF /* MeasurementExtractor.cpp */ = {isa = PBXFileReference; fileEncoding = 4; lastKnownFileType = sourcecode.cpp.cpp; name = MeasurementExtractor.cpp; path = Tools/CmdLine/IccReconstructMeasurements/MeasurementExtractor.cpp; sourceTree = "<group>"; };
		7CF6A6900B555F0D0077F8CF /* iccReconstructMeasurements */ = {isa = PBXFileReference; explicitFileType = "compiled.mach-o.executable"; includeInIndex = 0; path = iccReconstructMeasurements; sourceTree = BUILT_PRODUCTS_DIR; };
		7CF6A6FC0B556F6D0077F8CF /* iccReconstructMeasurements.cpp */ = {isa = PBXFileReference; fileEncoding = 4; lastKnownFileType = sourcecode.cpp.cpp; name = iccReconstructMeasurements.cpp; path = Tools/CmdLine/IccReconstructMeasurements/iccReconstructMeasurements.cpp; sourceTree = "<group>"; };
		7CFB28AF0B13D0230093D058 /* IccMpeACS.cpp */ = {isa = PBXFileReference; fileEncoding = 30; lastKnownFileType = sourcecode.cpp.cpp; path = IccMpeACS.cpp; sourceTree = "<group>"; };
		7CFB28B00B13D0230093D058 /* IccMpeACS.h */ = {isa = PBXFileReference; fileEncoding = 30; lastKnownFileType = sourcecode.c.h; path = IccMpeACS.h; sourceTree = "<group>"; };
		7CFB28B10B13D0230093D058 /* IccMpeBasic.cpp */ = {isa = PBXFileReference; fileEncoding = 30; lastKnownFileType = sourcecode.cpp.cpp; path = IccMpeBasic.cpp; sourceTree = "<group>"; };
		7CFB28B20B13D0230093D058 /* IccMpeBasic.h */ = {isa = PBXFileReference; fileEncoding = 30; lastKnownFileType = sourcecode.c.h; path = IccMpeBasic.h; sourceTree = "<group>"; };
		7CFB28B30B13D0230093D058 /* IccMpeFactory.cpp */ = {isa = PBXFileReference; fileEncoding = 30; lastKnownFileType = sourcecode.cpp.cpp; path = IccMpeFactory.cpp; sourceTree = "<group>"; };
		7CFB28B40B13D0230093D058 /* IccMpeFactory.h */ = {isa = PBXFileReference; fileEncoding = 30; lastKnownFileType = sourcecode.c.h; path = IccMpeFactory.h; sourceTree = "<group>"; };
		7CFB28B50B13D0230093D058 /* IccTagMPE.cpp */ = {isa = PBXFileReference; fileEncoding = 30; lastKnownFileType = sourcecode.cpp.cpp; path = IccTagMPE.cpp; sourceTree = "<group>"; };
		7CFB28B60B13D0230093D058 /* IccTagMPE.h */ = {isa = PBXFileReference; fileEncoding = 30; lastKnownFileType = sourcecode.c.h; path = IccTagMPE.h; sourceTree = "<group>"; };
/* End PBXFileReference section */

/* Begin PBXFrameworksBuildPhase section */
		7C333A040B1EA925006AB880 /* Frameworks */ = {
			isa = PBXFrameworksBuildPhase;
			buildActionMask = 2147483647;
			files = (
				7C605F240B4B6BD700350479 /* SampleICC.framework in Frameworks */,
			);
			runOnlyForDeploymentPostprocessing = 0;
		};
		7C49EA760B09114D00ADFFE7 /* Frameworks */ = {
			isa = PBXFrameworksBuildPhase;
			buildActionMask = 2147483647;
			files = (
				7C605F180B4B6B6F00350479 /* SampleICC.framework in Frameworks */,
				7C605F190B4B6B6F00350479 /* SampleICCToolUtils.framework in Frameworks */,
			);
			runOnlyForDeploymentPostprocessing = 0;
		};
		7C605E5A0B4B65A800350479 /* Frameworks */ = {
			isa = PBXFrameworksBuildPhase;
			buildActionMask = 2147483647;
			files = (
			);
			runOnlyForDeploymentPostprocessing = 0;
		};
		7C605EB10B4B683200350479 /* Frameworks */ = {
			isa = PBXFrameworksBuildPhase;
			buildActionMask = 2147483647;
			files = (
				7C605EF20B4B6A1C00350479 /* SampleICC.framework in Frameworks */,
			);
			runOnlyForDeploymentPostprocessing = 0;
		};
		7C64B5ED0B9284D2000A88D2 /* Frameworks */ = {
			isa = PBXFrameworksBuildPhase;
			buildActionMask = 2147483647;
			files = (
				7C64B7750B928A2E000A88D2 /* ApplicationServices.framework in Frameworks */,
			);
			runOnlyForDeploymentPostprocessing = 0;
		};
		7C8BFFE80B57256500889B00 /* Frameworks */ = {
			isa = PBXFrameworksBuildPhase;
			buildActionMask = 2147483647;
			files = (
				7C8B00180B5725F200889B00 /* SampleICC.framework in Frameworks */,
				7C8B00190B5725F200889B00 /* SampleICCToolUtils.framework in Frameworks */,
			);
			runOnlyForDeploymentPostprocessing = 0;
		};
		7CE0F4550AF04F02002F2A93 /* Frameworks */ = {
			isa = PBXFrameworksBuildPhase;
			buildActionMask = 2147483647;
			files = (
				7C605F000B4B6A7700350479 /* SampleICC.framework in Frameworks */,
			);
			runOnlyForDeploymentPostprocessing = 0;
		};
		7CE0F45C0AF04F1C002F2A93 /* Frameworks */ = {
			isa = PBXFrameworksBuildPhase;
			buildActionMask = 2147483647;
			files = (
				7C605F0C0B4B6AF200350479 /* SampleICC.framework in Frameworks */,
			);
			runOnlyForDeploymentPostprocessing = 0;
		};
		7CE0F4630AF04F3C002F2A93 /* Frameworks */ = {
			isa = PBXFrameworksBuildPhase;
			buildActionMask = 2147483647;
			files = (
				7C605F120B4B6B3900350479 /* SampleICC.framework in Frameworks */,
				7C605F130B4B6B3C00350479 /* SampleICCToolUtils.framework in Frameworks */,
			);
			runOnlyForDeploymentPostprocessing = 0;
		};
		7CE0F46A0AF04F59002F2A93 /* Frameworks */ = {
			isa = PBXFrameworksBuildPhase;
			buildActionMask = 2147483647;
			files = (
				7C605F1E0B4B6B9300350479 /* SampleICC.framework in Frameworks */,
			);
			runOnlyForDeploymentPostprocessing = 0;
		};
		7CE0F4710AF04F73002F2A93 /* Frameworks */ = {
			isa = PBXFrameworksBuildPhase;
			buildActionMask = 2147483647;
			files = (
				7C605F210B4B6BB400350479 /* SampleICC.framework in Frameworks */,
			);
			runOnlyForDeploymentPostprocessing = 0;
		};
		7CE0F4DF0AF050E4002F2A93 /* Frameworks */ = {
			isa = PBXFrameworksBuildPhase;
			buildActionMask = 2147483647;
			files = (
				7C605F0D0B4B6B0700350479 /* SampleICC.framework in Frameworks */,
			);
			runOnlyForDeploymentPostprocessing = 0;
		};
		7CF6A68E0B555F0D0077F8CF /* Frameworks */ = {
			isa = PBXFrameworksBuildPhase;
			buildActionMask = 2147483647;
			files = (
				7CF6A6F50B5560F40077F8CF /* SampleICC.framework in Frameworks */,
				7CF6A6F60B5560F40077F8CF /* SampleICCToolUtils.framework in Frameworks */,
			);
			runOnlyForDeploymentPostprocessing = 0;
		};
/* End PBXFrameworksBuildPhase section */

/* Begin PBXGroup section */
		08FB7794FE84155DC02AAC07 /* SampleICC */ = {
			isa = PBXGroup;
			children = (
				08FB7795FE84155DC02AAC07 /* Source */,
				7C64B76E0B9289E4000A88D2 /* Existing frameworks and libraries */,
				1AB674ADFE9D54B511CA2CBB /* Products */,
				7C605E5D0B4B65A900350479 /* SampleICC-Info.plist */,
				7C605EB40B4B683200350479 /* SampleICCToolUtils-Info.plist */,
			);
			name = SampleICC;
			sourceTree = "<group>";
		};
		08FB7795FE84155DC02AAC07 /* Source */ = {
			isa = PBXGroup;
			children = (
				7CE0F4120AF04D3F002F2A93 /* IccProfLib */,
				7CFB29210B14D9920093D058 /* IccToolUtils */,
				7CE0F4770AF04F9B002F2A93 /* IccApplyNamedCmm */,
				7CE0F4BC0AF05033002F2A93 /* IccApplyProfiles */,
				7CE0F4C90AF05090002F2A93 /* IccCreateCLUTProfile */,
				7C64B73C0B928602000A88D2 /* IccCreateProbeImages */,
				7C49EA7F0B09116A00ADFFE7 /* iccCreateTRCMatrixDisplayProfile */,
				7CE0F4EC0AF0517D002F2A93 /* IccDumpProfile */,
				7CE0F4FE0AF052BA002F2A93 /* IccProfLibTest */,
				7C333A0B0B1EA951006AB880 /* IccV4ToMpe */,
				7CF6A6A80B555F750077F8CF /* IccReconstructMeasurement */,
				7C8BFFFB0B57259800889B00 /* roundTripThroughPcsLabEncoding */,
			);
			name = Source;
			sourceTree = "<group>";
		};
		1AB674ADFE9D54B511CA2CBB /* Products */ = {
			isa = PBXGroup;
			children = (
				7C605E5C0B4B65A900350479 /* SampleICC.framework */,
				7C605EB30B4B683200350479 /* SampleICCToolUtils.framework */,
				7CE0F4570AF04F02002F2A93 /* iccApplyNamedCmm */,
				7CE0F45E0AF04F1C002F2A93 /* iccApplyProfiles */,
				7CE0F4E10AF050E4002F2A93 /* iccFlattenAToBTag */,
				7CE0F4650AF04F3C002F2A93 /* iccCreateCLUTProfile */,
				7CE0F46C0AF04F59002F2A93 /* iccDumpProfile */,
				7CE0F4730AF04F73002F2A93 /* iccProfLibTest */,
				7C49EA780B09114D00ADFFE7 /* iccCreateTRCMatrixDisplayProfile */,
				7C333A060B1EA925006AB880 /* iccV4ToMpe */,
				7CF6A6900B555F0D0077F8CF /* iccReconstructMeasurements */,
				7C8BFFEA0B57256500889B00 /* roundTripThroughPcsLabEncoding */,
				7C64B5EF0B9284D2000A88D2 /* iccCreateProbeImages */,
			);
			name = Products;
			sourceTree = "<group>";
		};
		7C333A0B0B1EA951006AB880 /* IccV4ToMpe */ = {
			isa = PBXGroup;
			children = (
				7C333A0F0B1EA99D006AB880 /* iccV4ToMPE.cpp */,
			);
			name = IccV4ToMpe;
			sourceTree = "<group>";
		};
		7C49EA7F0B09116A00ADFFE7 /* iccCreateTRCMatrixDisplayProfile */ = {
			isa = PBXGroup;
			children = (
				7C49EA8F0B09122C00ADFFE7 /* iccCreateTRCMatrixDisplayProfile.cpp */,
			);
			name = iccCreateTRCMatrixDisplayProfile;
			sourceTree = "<group>";
		};
		7C64B73C0B928602000A88D2 /* IccCreateProbeImages */ = {
			isa = PBXGroup;
			children = (
				7C64B7380B928584000A88D2 /* iccCreateProbeImages.cpp */,
			);
			name = IccCreateProbeImages;
			sourceTree = "<group>";
		};
		7C64B76E0B9289E4000A88D2 /* Existing frameworks and libraries */ = {
			isa = PBXGroup;
			children = (
				7C64B7710B928A2E000A88D2 /* ApplicationServices.framework */,
			);
			name = "Existing frameworks and libraries";
			sourceTree = "<group>";
		};
		7C8BFFFB0B57259800889B00 /* roundTripThroughPcsLabEncoding */ = {
			isa = PBXGroup;
			children = (
				7C8BFFFC0B5725E300889B00 /* roundTripThroughPcsLabEncoding.cpp */,
			);
			name = roundTripThroughPcsLabEncoding;
			sourceTree = "<group>";
		};
		7CE0F4120AF04D3F002F2A93 /* IccProfLib */ = {
			isa = PBXGroup;
			children = (
				7CFB28AF0B13D0230093D058 /* IccMpeACS.cpp */,
				7CFB28B00B13D0230093D058 /* IccMpeACS.h */,
				7CFB28B10B13D0230093D058 /* IccMpeBasic.cpp */,
				7CFB28B20B13D0230093D058 /* IccMpeBasic.h */,
				7CFB28B30B13D0230093D058 /* IccMpeFactory.cpp */,
				7CFB28B40B13D0230093D058 /* IccMpeFactory.h */,
				7CFB28B50B13D0230093D058 /* IccTagMPE.cpp */,
				7CFB28B60B13D0230093D058 /* IccTagMPE.h */,
				7CE0F4160AF04D3F002F2A93 /* IccCmm.cpp */,
				7CE0F4170AF04D3F002F2A93 /* IccCmm.h */,
				7CE0F4180AF04D3F002F2A93 /* IccDefs.h */,
				7CE0F4190AF04D3F002F2A93 /* IccIO.cpp */,
				7CE0F41A0AF04D3F002F2A93 /* IccIO.h */,
				7CE0F41B0AF04D3F002F2A93 /* IccProfile.cpp */,
				7CE0F41C0AF04D3F002F2A93 /* IccProfile.h */,
				7CE0F4210AF04D3F002F2A93 /* IccProfLibConf.h */,
				7CE0F4220AF04D3F002F2A93 /* IccTag.h */,
				7CE0F4230AF04D3F002F2A93 /* IccTagBasic.cpp */,
				7CE0F4240AF04D3F002F2A93 /* IccTagBasic.h */,
				7CE0F4250AF04D3F002F2A93 /* IccTagFactory.cpp */,
				7CE0F4260AF04D3F002F2A93 /* IccTagFactory.h */,
				7CE0F4270AF04D3F002F2A93 /* IccTagLut.cpp */,
				7CE0F4280AF04D3F002F2A93 /* IccTagLut.h */,
				7CE0F4290AF04D3F002F2A93 /* IccUtil.cpp */,
				7CE0F42A0AF04D3F002F2A93 /* IccUtil.h */,
				7CE0F42B0AF04D3F002F2A93 /* icProfileHeader.h */,
				7CE0F42F0AF04D3F002F2A93 /* md5.cpp */,
				7CE0F4300AF04D3F002F2A93 /* md5.h */,
			);
			path = IccProfLib;
			sourceTree = "<group>";
		};
		7CE0F4770AF04F9B002F2A93 /* IccApplyNamedCmm */ = {
			isa = PBXGroup;
			children = (
				7CE0F4780AF04F9B002F2A93 /* DataSetFiles */,
				7CE0F47F0AF04F9B002F2A93 /* iccApplyNamedCmm.cpp */,
			);
			name = IccApplyNamedCmm;
			path = Tools/CmdLine/IccApplyNamedCmm;
			sourceTree = "<group>";
		};
		7CE0F4780AF04F9B002F2A93 /* DataSetFiles */ = {
			isa = PBXGroup;
			children = (
				7CE0F4790AF04F9B002F2A93 /* cmyk16bit.txt */,
				7CE0F47A0AF04F9B002F2A93 /* cmyk8bit.txt */,
				7CE0F47B0AF04F9B002F2A93 /* cmykFloat.txt */,
				7CE0F47C0AF04F9B002F2A93 /* cmykPercent.txt */,
				7CE0F47D0AF04F9B002F2A93 /* labValue.txt */,
				7CE0F47E0AF04F9B002F2A93 /* namedColor.txt */,
			);
			path = DataSetFiles;
			sourceTree = "<group>";
		};
		7CE0F4BC0AF05033002F2A93 /* IccApplyProfiles */ = {
			isa = PBXGroup;
			children = (
				7CE0F4BD0AF05033002F2A93 /* iccApplyProfiles.cpp */,
				7CE0F4C30AF05033002F2A93 /* TiffImg.cpp */,
				7CE0F4C40AF05033002F2A93 /* TiffImg.h */,
			);
			name = IccApplyProfiles;
			path = Tools/CmdLine/IccApplyProfiles;
			sourceTree = "<group>";
		};
		7CE0F4C90AF05090002F2A93 /* IccCreateCLUTProfile */ = {
			isa = PBXGroup;
			children = (
				7C6292E80AFFEC19002D7386 /* BlackScaler.h */,
				7C6291FE0AFEC69C002D7386 /* BlackScaler.cpp */,
				7CE0F4CE0AF05090002F2A93 /* iccCreateCLUTProfile.cpp */,
				7CE0F4D10AF05090002F2A93 /* iccFlattenAToBTag.cpp */,
			);
			name = IccCreateCLUTProfile;
			path = Tools/CmdLine/IccCreateCLUTProfile;
			sourceTree = "<group>";
		};
		7CE0F4EC0AF0517D002F2A93 /* IccDumpProfile */ = {
			isa = PBXGroup;
			children = (
				7CE0F4ED0AF0517D002F2A93 /* iccDumpProfile.cpp */,
			);
			name = IccDumpProfile;
			path = Tools/CmdLine/IccDumpProfile;
			sourceTree = "<group>";
		};
		7CE0F4FE0AF052BA002F2A93 /* IccProfLibTest */ = {
			isa = PBXGroup;
			children = (
				7CE0F4FF0AF052BA002F2A93 /* iccProfLibTest.cpp */,
				7CE0F5000AF052BA002F2A93 /* iccProfLibTest.dsp */,
				7CE0F5010AF052BA002F2A93 /* iccProfLibTest.vcproj */,
				7CE0F5020AF052BA002F2A93 /* Makefile.am */,
				7CE0F5030AF052BA002F2A93 /* Makefile.in */,
				7CE0F5040AF052BA002F2A93 /* Release */,
				7CE0F5050AF052BA002F2A93 /* WriteFunctions.cpp */,
				7CE0F5060AF052BA002F2A93 /* WriteFunctions.h */,
			);
			name = IccProfLibTest;
			path = Tools/CmdLine/IccProfLibTest;
			sourceTree = "<group>";
		};
		7CE0F5040AF052BA002F2A93 /* Release */ = {
			isa = PBXGroup;
			children = (
			);
			path = Release;
			sourceTree = "<group>";
		};
		7CF6A6A80B555F750077F8CF /* IccReconstructMeasurement */ = {
			isa = PBXGroup;
			children = (
				7CF6A67D0B5554B90077F8CF /* MeasurementExtractor.h */,
				7CF6A67E0B5554B90077F8CF /* MeasurementExtractor.cpp */,
				7CF6A6FC0B556F6D0077F8CF /* iccReconstructMeasurements.cpp */,
			);
			name = IccReconstructMeasurement;
			sourceTree = "<group>";
		};
		7CFB29210B14D9920093D058 /* IccToolUtils */ = {
			isa = PBXGroup;
			children = (
				7C6291110AFEAD9C002D7386 /* CLUTStuffer.h */,
				7C6291120AFEAD9C002D7386 /* CLUTStuffer.cpp */,
				7CE0F4CB0AF05090002F2A93 /* CAT.h */,
				7CE0F4CA0AF05090002F2A93 /* CAT.cpp */,
				7CE0F4CD0AF05090002F2A93 /* CLUT.h */,
				7CE0F4CC0AF05090002F2A93 /* CLUT.cpp */,
				7C732D880B0E3746006A574A /* IccToolException.h */,
				7C732D890B0E3746006A574A /* IccToolException.cpp */,
			);
			name = IccToolUtils;
			path = IccProfLib;
			sourceTree = "<group>";
		};
/* End PBXGroup section */

/* Begin PBXHeadersBuildPhase section */
		7C605E570B4B65A800350479 /* Headers */ = {
			isa = PBXHeadersBuildPhase;
			buildActionMask = 2147483647;
			files = (
				7C605E690B4B65E200350479 /* IccCmm.h in Headers */,
				7C605E6A0B4B65E200350479 /* IccDefs.h in Headers */,
				7C605E6B0B4B65E200350479 /* IccIO.h in Headers */,
				7C605E6C0B4B65E200350479 /* IccMpeACS.h in Headers */,
				7C605E6D0B4B65E200350479 /* IccMpeBasic.h in Headers */,
				7C605E6E0B4B65E200350479 /* IccMpeFactory.h in Headers */,
				7C605E6F0B4B65E200350479 /* IccProfile.h in Headers */,
				7C605E700B4B65E200350479 /* IccProfLibConf.h in Headers */,
				7C605E710B4B65E200350479 /* IccTag.h in Headers */,
				7C605E720B4B65E200350479 /* IccTagBasic.h in Headers */,
				7C605E730B4B65E200350479 /* IccTagFactory.h in Headers */,
				7C605E740B4B65E200350479 /* IccTagLut.h in Headers */,
				7C605E750B4B65E200350479 /* IccTagMPE.h in Headers */,
				7C605E760B4B65E200350479 /* IccUtil.h in Headers */,
				7C605E770B4B65E200350479 /* icProfileHeader.h in Headers */,
				7C605E780B4B65E200350479 /* md5.h in Headers */,
			);
			runOnlyForDeploymentPostprocessing = 0;
		};
		7C605EAE0B4B683200350479 /* Headers */ = {
			isa = PBXHeadersBuildPhase;
			buildActionMask = 2147483647;
			files = (
				7C605ECA0B4B68FC00350479 /* CLUTStuffer.h in Headers */,
				7C605ECB0B4B68FC00350479 /* CAT.h in Headers */,
				7C605ECC0B4B68FC00350479 /* CLUT.h in Headers */,
				7C605ECD0B4B68FC00350479 /* IccToolException.h in Headers */,
			);
			runOnlyForDeploymentPostprocessing = 0;
		};
/* End PBXHeadersBuildPhase section */

/* Begin PBXNativeTarget section */
		7C333A050B1EA925006AB880 /* iccV4ToMpe */ = {
			isa = PBXNativeTarget;
			buildConfigurationList = 7C333A0C0B1EA952006AB880 /* Build configuration list for PBXNativeTarget "iccV4ToMpe" */;
			buildPhases = (
				7C333A030B1EA925006AB880 /* Sources */,
				7C333A040B1EA925006AB880 /* Frameworks */,
			);
			buildRules = (
			);
			dependencies = (
				7C605F260B4B6BE900350479 /* PBXTargetDependency */,
			);
			name = iccV4ToMpe;
			productName = iccC4ToMpe;
			productReference = 7C333A060B1EA925006AB880 /* iccV4ToMpe */;
			productType = "com.apple.product-type.tool";
		};
		7C49EA770B09114D00ADFFE7 /* iccCreateTRCMatrixDisplayProfile */ = {
			isa = PBXNativeTarget;
			buildConfigurationList = 7C49EA800B09116B00ADFFE7 /* Build configuration list for PBXNativeTarget "iccCreateTRCMatrixDisplayProfile" */;
			buildPhases = (
				7C49EA750B09114D00ADFFE7 /* Sources */,
				7C49EA760B09114D00ADFFE7 /* Frameworks */,
			);
			buildRules = (
			);
			dependencies = (
				7C605F1B0B4B6B8200350479 /* PBXTargetDependency */,
				7C605F1D0B4B6B8200350479 /* PBXTargetDependency */,
			);
			name = iccCreateTRCMatrixDisplayProfile;
			productName = iccCreateTRCMatrixDisplayProfile;
			productReference = 7C49EA780B09114D00ADFFE7 /* iccCreateTRCMatrixDisplayProfile */;
			productType = "com.apple.product-type.tool";
		};
		7C605E5B0B4B65A800350479 /* SampleICC */ = {
			isa = PBXNativeTarget;
			buildConfigurationList = 7C605E640B4B65AB00350479 /* Build configuration list for PBXNativeTarget "SampleICC" */;
			buildPhases = (
				7C605E570B4B65A800350479 /* Headers */,
				7C605E580B4B65A800350479 /* Resources */,
				7C605E590B4B65A800350479 /* Sources */,
				7C605E5A0B4B65A800350479 /* Frameworks */,
			);
			buildRules = (
			);
			dependencies = (
			);
			name = SampleICC;
			productName = SampleICC;
			productReference = 7C605E5C0B4B65A900350479 /* SampleICC.framework */;
			productType = "com.apple.product-type.framework";
		};
		7C605EB20B4B683200350479 /* SampleICCToolUtils */ = {
			isa = PBXNativeTarget;
			buildConfigurationList = 7C605EBA0B4B683500350479 /* Build configuration list for PBXNativeTarget "SampleICCToolUtils" */;
			buildPhases = (
				7C605EAE0B4B683200350479 /* Headers */,
				7C605EAF0B4B683200350479 /* Resources */,
				7C605EB00B4B683200350479 /* Sources */,
				7C605EB10B4B683200350479 /* Frameworks */,
			);
			buildRules = (
			);
			dependencies = (
				7C605ED30B4B692000350479 /* PBXTargetDependency */,
			);
			name = SampleICCToolUtils;
			productName = SampleICCToolUtils;
			productReference = 7C605EB30B4B683200350479 /* SampleICCToolUtils.framework */;
			productType = "com.apple.product-type.framework";
		};
		7C64B5EE0B9284D2000A88D2 /* iccCreateProbeImages */ = {
			isa = PBXNativeTarget;
			buildConfigurationList = 7C64B60A0B9284F1000A88D2 /* Build configuration list for PBXNativeTarget "iccCreateProbeImages" */;
			buildPhases = (
				7C64B5EC0B9284D2000A88D2 /* Sources */,
				7C64B5ED0B9284D2000A88D2 /* Frameworks */,
			);
			buildRules = (
			);
			dependencies = (
			);
			name = iccCreateProbeImages;
			productName = iccCreateProbeImages;
			productReference = 7C64B5EF0B9284D2000A88D2 /* iccCreateProbeImages */;
			productType = "com.apple.product-type.tool";
		};
		7C8BFFE90B57256500889B00 /* roundTripThroughPcsLabEncoding */ = {
			isa = PBXNativeTarget;
			buildConfigurationList = 7C8BFFF80B57257B00889B00 /* Build configuration list for PBXNativeTarget "roundTripThroughPcsLabEncoding" */;
			buildPhases = (
				7C8BFFE70B57256500889B00 /* Sources */,
				7C8BFFE80B57256500889B00 /* Frameworks */,
			);
			buildRules = (
			);
			dependencies = (
				7C8BFFF10B57257800889B00 /* PBXTargetDependency */,
				7C8BFFF30B57257800889B00 /* PBXTargetDependency */,
			);
			name = roundTripThroughPcsLabEncoding;
			productName = roundTripThroughPcsLabEncoding;
			productReference = 7C8BFFEA0B57256500889B00 /* roundTripThroughPcsLabEncoding */;
			productType = "com.apple.product-type.tool";
		};
		7CE0F4560AF04F02002F2A93 /* iccApplyNamedCmm */ = {
			isa = PBXNativeTarget;
			buildConfigurationList = 7CE0F4860AF04F9B002F2A93 /* Build configuration list for PBXNativeTarget "iccApplyNamedCmm" */;
			buildPhases = (
				7CE0F4540AF04F02002F2A93 /* Sources */,
				7CE0F4550AF04F02002F2A93 /* Frameworks */,
				7CE0F4BB0AF05017002F2A93 /* CopyFiles */,
			);
			buildRules = (
			);
			dependencies = (
				7C605F020B4B6A9100350479 /* PBXTargetDependency */,
			);
			name = iccApplyNamedCmm;
			productName = iccApplyNamedCmm;
			productReference = 7CE0F4570AF04F02002F2A93 /* iccApplyNamedCmm */;
			productType = "com.apple.product-type.tool";
		};
		7CE0F45D0AF04F1C002F2A93 /* iccApplyProfiles */ = {
			isa = PBXNativeTarget;
			buildConfigurationList = 7CE0F4890AF04F9B002F2A93 /* Build configuration list for PBXNativeTarget "iccApplyProfiles" */;
			buildPhases = (
				7CE0F45B0AF04F1C002F2A93 /* Sources */,
				7CE0F45C0AF04F1C002F2A93 /* Frameworks */,
			);
			buildRules = (
			);
			dependencies = (
				7C605F0F0B4B6B1700350479 /* PBXTargetDependency */,
			);
			name = iccApplyProfiles;
			productName = iccApplyProfiles;
			productReference = 7CE0F45E0AF04F1C002F2A93 /* iccApplyProfiles */;
			productType = "com.apple.product-type.tool";
		};
		7CE0F4640AF04F3C002F2A93 /* iccCreateCLUTProfile */ = {
			isa = PBXNativeTarget;
			buildConfigurationList = 7CE0F48C0AF04F9B002F2A93 /* Build configuration list for PBXNativeTarget "iccCreateCLUTProfile" */;
			buildPhases = (
				7CE0F4620AF04F3C002F2A93 /* Sources */,
				7CE0F4630AF04F3C002F2A93 /* Frameworks */,
			);
			buildRules = (
			);
			dependencies = (
				7C605F150B4B6B5900350479 /* PBXTargetDependency */,
				7C605F170B4B6B5900350479 /* PBXTargetDependency */,
				7CE0F4E60AF0510F002F2A93 /* PBXTargetDependency */,
			);
			name = iccCreateCLUTProfile;
			productName = iccCreateCLUTInputProfile;
			productReference = 7CE0F4650AF04F3C002F2A93 /* iccCreateCLUTProfile */;
			productType = "com.apple.product-type.tool";
		};
		7CE0F46B0AF04F59002F2A93 /* iccDumpProfile */ = {
			isa = PBXNativeTarget;
			buildConfigurationList = 7CE0F48F0AF04F9B002F2A93 /* Build configuration list for PBXNativeTarget "iccDumpProfile" */;
			buildPhases = (
				7CE0F4690AF04F59002F2A93 /* Sources */,
				7CE0F46A0AF04F59002F2A93 /* Frameworks */,
			);
			buildRules = (
			);
			dependencies = (
				7C605F200B4B6BA300350479 /* PBXTargetDependency */,
			);
			name = iccDumpProfile;
			productName = iccDumpProfile;
			productReference = 7CE0F46C0AF04F59002F2A93 /* iccDumpProfile */;
			productType = "com.apple.product-type.tool";
		};
		7CE0F4720AF04F73002F2A93 /* iccProfLibTest */ = {
			isa = PBXNativeTarget;
			buildConfigurationList = 7CE0F4920AF04F9B002F2A93 /* Build configuration list for PBXNativeTarget "iccProfLibTest" */;
			buildPhases = (
				7CE0F4700AF04F73002F2A93 /* Sources */,
				7CE0F4710AF04F73002F2A93 /* Frameworks */,
			);
			buildRules = (
			);
			dependencies = (
				7C605F230B4B6BC800350479 /* PBXTargetDependency */,
			);
			name = iccProfLibTest;
			productName = iccProfLibTest;
			productReference = 7CE0F4730AF04F73002F2A93 /* iccProfLibTest */;
			productType = "com.apple.product-type.tool";
		};
		7CE0F4E00AF050E4002F2A93 /* iccFlattenAToBTag */ = {
			isa = PBXNativeTarget;
			buildConfigurationList = 7CE0F4E90AF05161002F2A93 /* Build configuration list for PBXNativeTarget "iccFlattenAToBTag" */;
			buildPhases = (
				7CE0F4DE0AF050E4002F2A93 /* Sources */,
				7CE0F4DF0AF050E4002F2A93 /* Frameworks */,
			);
			buildRules = (
			);
			dependencies = (
				7C605F110B4B6B2B00350479 /* PBXTargetDependency */,
			);
			name = iccFlattenAToBTag;
			productName = iccFlattenAToBTag;
			productReference = 7CE0F4E10AF050E4002F2A93 /* iccFlattenAToBTag */;
			productType = "com.apple.product-type.tool";
		};
		7CF6A68F0B555F0D0077F8CF /* iccReconstructMeasurements */ = {
			isa = PBXNativeTarget;
			buildConfigurationList = 7CF6A6A30B555F390077F8CF /* Build configuration list for PBXNativeTarget "iccReconstructMeasurements" */;
			buildPhases = (
				7CF6A68D0B555F0D0077F8CF /* Sources */,
				7CF6A68E0B555F0D0077F8CF /* Frameworks */,
			);
			buildRules = (
			);
			dependencies = (
				7CF6A6970B555F1A0077F8CF /* PBXTargetDependency */,
				7CF6A6990B555F1A0077F8CF /* PBXTargetDependency */,
			);
			name = iccReconstructMeasurements;
			productName = iccReconstructMeasurement;
			productReference = 7CF6A6900B555F0D0077F8CF /* iccReconstructMeasurements */;
			productType = "com.apple.product-type.tool";
		};
/* End PBXNativeTarget section */

/* Begin PBXProject section */
		08FB7793FE84155DC02AAC07 /* Project object */ = {
			isa = PBXProject;
			buildConfigurationList = 1DEB914E08733D8E0010E9CD /* Build configuration list for PBXProject "SampleICC" */;
			hasScannedForEncodings = 1;
			mainGroup = 08FB7794FE84155DC02AAC07 /* SampleICC */;
			projectDirPath = "";
			projectRoot = "";
			targets = (
				7C605E5B0B4B65A800350479 /* SampleICC */,
				7C605EB20B4B683200350479 /* SampleICCToolUtils */,
				7C605EF60B4B6A4800350479 /* Frameworks */,
				7CE0F4560AF04F02002F2A93 /* iccApplyNamedCmm */,
				7CE0F45D0AF04F1C002F2A93 /* iccApplyProfiles */,
				7CE0F4E00AF050E4002F2A93 /* iccFlattenAToBTag */,
				7CE0F4640AF04F3C002F2A93 /* iccCreateCLUTProfile */,
				7C64B5EE0B9284D2000A88D2 /* iccCreateProbeImages */,
				7C49EA770B09114D00ADFFE7 /* iccCreateTRCMatrixDisplayProfile */,
				7CE0F46B0AF04F59002F2A93 /* iccDumpProfile */,
				7CE0F4720AF04F73002F2A93 /* iccProfLibTest */,
				7C333A050B1EA925006AB880 /* iccV4ToMpe */,
				7CF6A68F0B555F0D0077F8CF /* iccReconstructMeasurements */,
				7C8BFFE90B57256500889B00 /* roundTripThroughPcsLabEncoding */,
				7CE0F50D0AF05334002F2A93 /* Commands */,
				7CFCDD440B5EF15300DBAA00 /* All */,
			);
		};
/* End PBXProject section */

/* Begin PBXResourcesBuildPhase section */
		7C605E580B4B65A800350479 /* Resources */ = {
			isa = PBXResourcesBuildPhase;
			buildActionMask = 2147483647;
			files = (
			);
			runOnlyForDeploymentPostprocessing = 0;
		};
		7C605EAF0B4B683200350479 /* Resources */ = {
			isa = PBXResourcesBuildPhase;
			buildActionMask = 2147483647;
			files = (
			);
			runOnlyForDeploymentPostprocessing = 0;
		};
/* End PBXResourcesBuildPhase section */

/* Begin PBXSourcesBuildPhase section */
		7C333A030B1EA925006AB880 /* Sources */ = {
			isa = PBXSourcesBuildPhase;
			buildActionMask = 2147483647;
			files = (
				7C333A100B1EA99D006AB880 /* iccV4ToMPE.cpp in Sources */,
			);
			runOnlyForDeploymentPostprocessing = 0;
		};
		7C49EA750B09114D00ADFFE7 /* Sources */ = {
			isa = PBXSourcesBuildPhase;
			buildActionMask = 2147483647;
			files = (
				7C49EA900B09122C00ADFFE7 /* iccCreateTRCMatrixDisplayProfile.cpp in Sources */,
			);
			runOnlyForDeploymentPostprocessing = 0;
		};
		7C605E590B4B65A800350479 /* Sources */ = {
			isa = PBXSourcesBuildPhase;
			buildActionMask = 2147483647;
			files = (
				7C605E7B0B4B661400350479 /* IccCmm.cpp in Sources */,
				7C605E7C0B4B661400350479 /* IccIO.cpp in Sources */,
				7C605E7D0B4B661400350479 /* IccMpeACS.cpp in Sources */,
				7C605E7E0B4B661400350479 /* IccMpeBasic.cpp in Sources */,
				7C605E7F0B4B661400350479 /* IccMpeFactory.cpp in Sources */,
				7C605E800B4B661400350479 /* IccProfile.cpp in Sources */,
				7C605E810B4B661400350479 /* IccTagBasic.cpp in Sources */,
				7C605E820B4B661400350479 /* IccTagFactory.cpp in Sources */,
				7C605E830B4B661400350479 /* IccTagLut.cpp in Sources */,
				7C605E840B4B661400350479 /* IccTagMPE.cpp in Sources */,
				7C605E850B4B661400350479 /* IccUtil.cpp in Sources */,
				7C605E860B4B661400350479 /* md5.cpp in Sources */,
				7C64B7390B928584000A88D2 /* iccCreateProbeImages.cpp in Sources */,
			);
			runOnlyForDeploymentPostprocessing = 0;
		};
		7C605EB00B4B683200350479 /* Sources */ = {
			isa = PBXSourcesBuildPhase;
			buildActionMask = 2147483647;
			files = (
				7C605ECE0B4B690E00350479 /* CLUTStuffer.cpp in Sources */,
				7C605ECF0B4B690E00350479 /* CAT.cpp in Sources */,
				7C605ED00B4B690E00350479 /* CLUT.cpp in Sources */,
				7C605ED10B4B690E00350479 /* IccToolException.cpp in Sources */,
			);
			runOnlyForDeploymentPostprocessing = 0;
		};
		7C64B5EC0B9284D2000A88D2 /* Sources */ = {
			isa = PBXSourcesBuildPhase;
			buildActionMask = 2147483647;
			files = (
				7C64B74A0B9287D1000A88D2 /* iccCreateProbeImages.cpp in Sources */,
			);
			runOnlyForDeploymentPostprocessing = 0;
		};
		7C8BFFE70B57256500889B00 /* Sources */ = {
			isa = PBXSourcesBuildPhase;
			buildActionMask = 2147483647;
			files = (
				7C8BFFFD0B5725E300889B00 /* roundTripThroughPcsLabEncoding.cpp in Sources */,
			);
			runOnlyForDeploymentPostprocessing = 0;
		};
		7CE0F4540AF04F02002F2A93 /* Sources */ = {
			isa = PBXSourcesBuildPhase;
			buildActionMask = 2147483647;
			files = (
				7CE0F4850AF04F9B002F2A93 /* iccApplyNamedCmm.cpp in Sources */,
			);
			runOnlyForDeploymentPostprocessing = 0;
		};
		7CE0F45B0AF04F1C002F2A93 /* Sources */ = {
			isa = PBXSourcesBuildPhase;
			buildActionMask = 2147483647;
			files = (
				7CE0F4C50AF05033002F2A93 /* iccApplyProfiles.cpp in Sources */,
				7CE0F4C60AF05033002F2A93 /* TiffImg.cpp in Sources */,
			);
			runOnlyForDeploymentPostprocessing = 0;
		};
		7CE0F4620AF04F3C002F2A93 /* Sources */ = {
			isa = PBXSourcesBuildPhase;
			buildActionMask = 2147483647;
			files = (
				7C6291FF0AFEC69C002D7386 /* BlackScaler.cpp in Sources */,
				7CE0F4DA0AF05090002F2A93 /* iccCreateCLUTProfile.cpp in Sources */,
			);
			runOnlyForDeploymentPostprocessing = 0;
		};
		7CE0F4690AF04F59002F2A93 /* Sources */ = {
			isa = PBXSourcesBuildPhase;
			buildActionMask = 2147483647;
			files = (
				7CE0F4F30AF0517D002F2A93 /* iccDumpProfile.cpp in Sources */,
			);
			runOnlyForDeploymentPostprocessing = 0;
		};
		7CE0F4700AF04F73002F2A93 /* Sources */ = {
			isa = PBXSourcesBuildPhase;
			buildActionMask = 2147483647;
			files = (
				7CE0F5070AF052BA002F2A93 /* iccProfLibTest.cpp in Sources */,
				7CE0F5080AF052BA002F2A93 /* WriteFunctions.cpp in Sources */,
			);
			runOnlyForDeploymentPostprocessing = 0;
		};
		7CE0F4DE0AF050E4002F2A93 /* Sources */ = {
			isa = PBXSourcesBuildPhase;
			buildActionMask = 2147483647;
			files = (
				7CE0F4E80AF05143002F2A93 /* iccFlattenAToBTag.cpp in Sources */,
			);
			runOnlyForDeploymentPostprocessing = 0;
		};
		7CF6A68D0B555F0D0077F8CF /* Sources */ = {
			isa = PBXSourcesBuildPhase;
			buildActionMask = 2147483647;
			files = (
				7CF6A6A90B555FA20077F8CF /* MeasurementExtractor.cpp in Sources */,
				7CF6A6FD0B556F6F0077F8CF /* iccReconstructMeasurements.cpp in Sources */,
			);
			runOnlyForDeploymentPostprocessing = 0;
		};
/* End PBXSourcesBuildPhase section */

/* Begin PBXTargetDependency section */
		7C333A180B1EAA09006AB880 /* PBXTargetDependency */ = {
			isa = PBXTargetDependency;
			target = 7C49EA770B09114D00ADFFE7 /* iccCreateTRCMatrixDisplayProfile */;
			targetProxy = 7C333A170B1EAA09006AB880 /* PBXContainerItemProxy */;
		};
		7C333A1A0B1EAA09006AB880 /* PBXTargetDependency */ = {
			isa = PBXTargetDependency;
			target = 7C333A050B1EA925006AB880 /* iccV4ToMpe */;
			targetProxy = 7C333A190B1EAA09006AB880 /* PBXContainerItemProxy */;
		};
		7C605ED30B4B692000350479 /* PBXTargetDependency */ = {
			isa = PBXTargetDependency;
			target = 7C605E5B0B4B65A800350479 /* SampleICC */;
			targetProxy = 7C605ED20B4B692000350479 /* PBXContainerItemProxy */;
		};
		7C605EF90B4B6A5200350479 /* PBXTargetDependency */ = {
			isa = PBXTargetDependency;
			target = 7C605E5B0B4B65A800350479 /* SampleICC */;
			targetProxy = 7C605EF80B4B6A5200350479 /* PBXContainerItemProxy */;
		};
		7C605EFB0B4B6A5200350479 /* PBXTargetDependency */ = {
			isa = PBXTargetDependency;
			target = 7C605EB20B4B683200350479 /* SampleICCToolUtils */;
			targetProxy = 7C605EFA0B4B6A5200350479 /* PBXContainerItemProxy */;
		};
		7C605F020B4B6A9100350479 /* PBXTargetDependency */ = {
			isa = PBXTargetDependency;
			target = 7C605E5B0B4B65A800350479 /* SampleICC */;
			targetProxy = 7C605F010B4B6A9100350479 /* PBXContainerItemProxy */;
		};
		7C605F0F0B4B6B1700350479 /* PBXTargetDependency */ = {
			isa = PBXTargetDependency;
			target = 7C605E5B0B4B65A800350479 /* SampleICC */;
			targetProxy = 7C605F0E0B4B6B1700350479 /* PBXContainerItemProxy */;
		};
		7C605F110B4B6B2B00350479 /* PBXTargetDependency */ = {
			isa = PBXTargetDependency;
			target = 7C605E5B0B4B65A800350479 /* SampleICC */;
			targetProxy = 7C605F100B4B6B2B00350479 /* PBXContainerItemProxy */;
		};
		7C605F150B4B6B5900350479 /* PBXTargetDependency */ = {
			isa = PBXTargetDependency;
			target = 7C605E5B0B4B65A800350479 /* SampleICC */;
			targetProxy = 7C605F140B4B6B5900350479 /* PBXContainerItemProxy */;
		};
		7C605F170B4B6B5900350479 /* PBXTargetDependency */ = {
			isa = PBXTargetDependency;
			target = 7C605EB20B4B683200350479 /* SampleICCToolUtils */;
			targetProxy = 7C605F160B4B6B5900350479 /* PBXContainerItemProxy */;
		};
		7C605F1B0B4B6B8200350479 /* PBXTargetDependency */ = {
			isa = PBXTargetDependency;
			target = 7C605E5B0B4B65A800350479 /* SampleICC */;
			targetProxy = 7C605F1A0B4B6B8200350479 /* PBXContainerItemProxy */;
		};
		7C605F1D0B4B6B8200350479 /* PBXTargetDependency */ = {
			isa = PBXTargetDependency;
			target = 7C605EB20B4B683200350479 /* SampleICCToolUtils */;
			targetProxy = 7C605F1C0B4B6B8200350479 /* PBXContainerItemProxy */;
		};
		7C605F200B4B6BA300350479 /* PBXTargetDependency */ = {
			isa = PBXTargetDependency;
			target = 7C605E5B0B4B65A800350479 /* SampleICC */;
			targetProxy = 7C605F1F0B4B6BA300350479 /* PBXContainerItemProxy */;
		};
		7C605F230B4B6BC800350479 /* PBXTargetDependency */ = {
			isa = PBXTargetDependency;
			target = 7C605E5B0B4B65A800350479 /* SampleICC */;
			targetProxy = 7C605F220B4B6BC800350479 /* PBXContainerItemProxy */;
		};
		7C605F260B4B6BE900350479 /* PBXTargetDependency */ = {
			isa = PBXTargetDependency;
			target = 7C605E5B0B4B65A800350479 /* SampleICC */;
			targetProxy = 7C605F250B4B6BE900350479 /* PBXContainerItemProxy */;
		};
		7C64B7350B928567000A88D2 /* PBXTargetDependency */ = {
			isa = PBXTargetDependency;
			target = 7C64B5EE0B9284D2000A88D2 /* iccCreateProbeImages */;
			targetProxy = 7C64B7340B928567000A88D2 /* PBXContainerItemProxy */;
		};
		7C8BFFF10B57257800889B00 /* PBXTargetDependency */ = {
			isa = PBXTargetDependency;
			target = 7C605E5B0B4B65A800350479 /* SampleICC */;
			targetProxy = 7C8BFFF00B57257800889B00 /* PBXContainerItemProxy */;
		};
		7C8BFFF30B57257800889B00 /* PBXTargetDependency */ = {
			isa = PBXTargetDependency;
			target = 7C605EB20B4B683200350479 /* SampleICCToolUtils */;
			targetProxy = 7C8BFFF20B57257800889B00 /* PBXContainerItemProxy */;
		};
		7CE0F4E60AF0510F002F2A93 /* PBXTargetDependency */ = {
			isa = PBXTargetDependency;
			target = 7CE0F4E00AF050E4002F2A93 /* iccFlattenAToBTag */;
			targetProxy = 7CE0F4E50AF0510F002F2A93 /* PBXContainerItemProxy */;
		};
		7CE0F50F0AF0533D002F2A93 /* PBXTargetDependency */ = {
			isa = PBXTargetDependency;
			target = 7CE0F4560AF04F02002F2A93 /* iccApplyNamedCmm */;
			targetProxy = 7CE0F50E0AF0533D002F2A93 /* PBXContainerItemProxy */;
		};
		7CE0F5110AF0533D002F2A93 /* PBXTargetDependency */ = {
			isa = PBXTargetDependency;
			target = 7CE0F4E00AF050E4002F2A93 /* iccFlattenAToBTag */;
			targetProxy = 7CE0F5100AF0533D002F2A93 /* PBXContainerItemProxy */;
		};
		7CE0F5130AF0533D002F2A93 /* PBXTargetDependency */ = {
			isa = PBXTargetDependency;
			target = 7CE0F4640AF04F3C002F2A93 /* iccCreateCLUTProfile */;
			targetProxy = 7CE0F5120AF0533D002F2A93 /* PBXContainerItemProxy */;
		};
		7CE0F5150AF0533D002F2A93 /* PBXTargetDependency */ = {
			isa = PBXTargetDependency;
			target = 7CE0F46B0AF04F59002F2A93 /* iccDumpProfile */;
			targetProxy = 7CE0F5140AF0533D002F2A93 /* PBXContainerItemProxy */;
		};
		7CE0F5170AF0533D002F2A93 /* PBXTargetDependency */ = {
			isa = PBXTargetDependency;
			target = 7CE0F4720AF04F73002F2A93 /* iccProfLibTest */;
			targetProxy = 7CE0F5160AF0533D002F2A93 /* PBXContainerItemProxy */;
		};
		7CF6A6970B555F1A0077F8CF /* PBXTargetDependency */ = {
			isa = PBXTargetDependency;
			target = 7C605E5B0B4B65A800350479 /* SampleICC */;
			targetProxy = 7CF6A6960B555F1A0077F8CF /* PBXContainerItemProxy */;
		};
		7CF6A6990B555F1A0077F8CF /* PBXTargetDependency */ = {
			isa = PBXTargetDependency;
			target = 7C605EB20B4B683200350479 /* SampleICCToolUtils */;
			targetProxy = 7CF6A6980B555F1A0077F8CF /* PBXContainerItemProxy */;
		};
		7CF6A6A70B555F470077F8CF /* PBXTargetDependency */ = {
			isa = PBXTargetDependency;
			target = 7CF6A68F0B555F0D0077F8CF /* iccReconstructMeasurements */;
			targetProxy = 7CF6A6A60B555F470077F8CF /* PBXContainerItemProxy */;
		};
		7CFCDD460B5EF15C00DBAA00 /* PBXTargetDependency */ = {
			isa = PBXTargetDependency;
			target = 7C605EF60B4B6A4800350479 /* Frameworks */;
			targetProxy = 7CFCDD450B5EF15C00DBAA00 /* PBXContainerItemProxy */;
		};
		7CFCDD480B5EF15C00DBAA00 /* PBXTargetDependency */ = {
			isa = PBXTargetDependency;
			target = 7CE0F50D0AF05334002F2A93 /* Commands */;
			targetProxy = 7CFCDD470B5EF15C00DBAA00 /* PBXContainerItemProxy */;
		};
/* End PBXTargetDependency section */

/* Begin XCBuildConfiguration section */
		1DEB914F08733D8E0010E9CD /* Debug */ = {
			isa = XCBuildConfiguration;
			buildSettings = {
				DEBUG_INFORMATION_FORMAT = dwarf;
				GCC_DEBUGGING_SYMBOLS = full;
				GCC_ENABLE_FIX_AND_CONTINUE = YES;
				GCC_ENABLE_SYMBOL_SEPARATION = NO;
				GCC_OPTIMIZATION_LEVEL = 0;
				GCC_WARN_ABOUT_RETURN_TYPE = YES;
				GCC_WARN_UNUSED_VARIABLE = YES;
				PREBINDING = NO;
				SEPARATE_STRIP = YES;
				ZERO_LINK = YES;
			};
			name = Debug;
		};
		1DEB915008733D8E0010E9CD /* Release */ = {
			isa = XCBuildConfiguration;
			buildSettings = {
				DEBUG_INFORMATION_FORMAT = dwarf;
				GCC_OPTIMIZATION_LEVEL = 3;
				GCC_WARN_ABOUT_RETURN_TYPE = YES;
				GCC_WARN_UNUSED_VARIABLE = YES;
				PREBINDING = NO;
			};
			name = Release;
		};
		7C333A0D0B1EA952006AB880 /* Debug */ = {
			isa = XCBuildConfiguration;
			buildSettings = {
				COPY_PHASE_STRIP = NO;
				DEBUG_INFORMATION_FORMAT = dwarf;
				GCC_DYNAMIC_NO_PIC = NO;
				GCC_ENABLE_FIX_AND_CONTINUE = YES;
				GCC_GENERATE_DEBUGGING_SYMBOLS = YES;
				GCC_MODEL_TUNING = G5;
				GCC_OPTIMIZATION_LEVEL = 0;
				INSTALL_PATH = "$(HOME)/bin";
				PREBINDING = NO;
				PRODUCT_NAME = iccV4ToMpe;
				ZERO_LINK = YES;
			};
			name = Debug;
		};
		7C333A0E0B1EA952006AB880 /* Release */ = {
			isa = XCBuildConfiguration;
			buildSettings = {
				COPY_PHASE_STRIP = YES;
				DEBUG_INFORMATION_FORMAT = "dwarf-with-dsym";
				GCC_ENABLE_FIX_AND_CONTINUE = NO;
				GCC_GENERATE_DEBUGGING_SYMBOLS = NO;
				GCC_MODEL_TUNING = G5;
				INSTALL_PATH = "$(HOME)/bin";
				PREBINDING = NO;
				PRODUCT_NAME = iccC4ToMpe;
				ZERO_LINK = NO;
			};
			name = Release;
		};
		7C49EA810B09116B00ADFFE7 /* Debug */ = {
			isa = XCBuildConfiguration;
			buildSettings = {
				COPY_PHASE_STRIP = NO;
				DEBUG_INFORMATION_FORMAT = dwarf;
				GCC_DYNAMIC_NO_PIC = NO;
				GCC_ENABLE_FIX_AND_CONTINUE = YES;
				GCC_GENERATE_DEBUGGING_SYMBOLS = YES;
				GCC_MODEL_TUNING = G5;
				GCC_OPTIMIZATION_LEVEL = 0;
				INSTALL_PATH = "$(HOME)/bin";
				PREBINDING = NO;
				PRODUCT_NAME = iccCreateTRCMatrixDisplayProfile;
				ZERO_LINK = YES;
			};
			name = Debug;
		};
		7C49EA820B09116B00ADFFE7 /* Release */ = {
			isa = XCBuildConfiguration;
			buildSettings = {
				COPY_PHASE_STRIP = YES;
				DEBUG_INFORMATION_FORMAT = "dwarf-with-dsym";
				GCC_ENABLE_FIX_AND_CONTINUE = NO;
				GCC_GENERATE_DEBUGGING_SYMBOLS = NO;
				GCC_MODEL_TUNING = G5;
				INSTALL_PATH = "$(HOME)/bin";
				PREBINDING = NO;
				PRODUCT_NAME = iccCreateTRCMatrixDisplayProfile;
				ZERO_LINK = NO;
			};
			name = Release;
		};
		7C605E650B4B65AB00350479 /* Debug */ = {
			isa = XCBuildConfiguration;
			buildSettings = {
				COPY_PHASE_STRIP = NO;
				DYLIB_COMPATIBILITY_VERSION = 1;
				DYLIB_CURRENT_VERSION = 1;
				FRAMEWORK_VERSION = A;
				GCC_DYNAMIC_NO_PIC = NO;
				GCC_ENABLE_FIX_AND_CONTINUE = YES;
				GCC_MODEL_TUNING = G4;
				GCC_OPTIMIZATION_LEVEL = 0;
				INFOPLIST_FILE = "SampleICC-Info.plist";
				PREBINDING = NO;
				PRODUCT_NAME = SampleICC;
				SKIP_INSTALL = NO;
				ZERO_LINK = YES;
			};
			name = Debug;
		};
		7C605E660B4B65AB00350479 /* Release */ = {
			isa = XCBuildConfiguration;
			buildSettings = {
				COPY_PHASE_STRIP = YES;
				DEBUG_INFORMATION_FORMAT = "dwarf-with-dsym";
				DYLIB_COMPATIBILITY_VERSION = 1;
				DYLIB_CURRENT_VERSION = 1;
				FRAMEWORK_VERSION = A;
				GCC_ENABLE_FIX_AND_CONTINUE = NO;
				GCC_MODEL_TUNING = G4;
				INFOPLIST_FILE = "SampleICC-Info.plist";
				PREBINDING = NO;
				PRODUCT_NAME = SampleICC;
				SKIP_INSTALL = NO;
				ZERO_LINK = NO;
			};
			name = Release;
		};
		7C605EBB0B4B683500350479 /* Debug */ = {
			isa = XCBuildConfiguration;
			buildSettings = {
				COPY_PHASE_STRIP = NO;
				DYLIB_COMPATIBILITY_VERSION = 1;
				DYLIB_CURRENT_VERSION = 1;
				FRAMEWORK_VERSION = A;
				GCC_DYNAMIC_NO_PIC = NO;
				GCC_ENABLE_FIX_AND_CONTINUE = YES;
				GCC_MODEL_TUNING = G4;
				GCC_OPTIMIZATION_LEVEL = 0;
				INFOPLIST_FILE = "SampleICCToolUtils-Info.plist";
				PREBINDING = NO;
				PRODUCT_NAME = SampleICCToolUtils;
				SKIP_INSTALL = NO;
				ZERO_LINK = YES;
			};
			name = Debug;
		};
		7C605EBC0B4B683500350479 /* Release */ = {
			isa = XCBuildConfiguration;
			buildSettings = {
				COPY_PHASE_STRIP = YES;
				DEBUG_INFORMATION_FORMAT = "dwarf-with-dsym";
				DYLIB_COMPATIBILITY_VERSION = 1;
				DYLIB_CURRENT_VERSION = 1;
				FRAMEWORK_VERSION = A;
				GCC_ENABLE_SYMBOL_SEPARATION = NO;
				GCC_MODEL_TUNING = G4;
				INFOPLIST_FILE = "SampleICCToolUtils-Info.plist";
				PREBINDING = NO;
				PRODUCT_NAME = SampleICCToolUtils;
				SKIP_INSTALL = NO;
				ZERO_LINK = NO;
			};
			name = Release;
		};
		7C605EFD0B4B6A7100350479 /* Debug */ = {
			isa = XCBuildConfiguration;
			buildSettings = {
				COPY_PHASE_STRIP = NO;
				GCC_DYNAMIC_NO_PIC = NO;
				GCC_OPTIMIZATION_LEVEL = 0;
				PRODUCT_NAME = Frameworks;
			};
			name = Debug;
		};
		7C605EFE0B4B6A7100350479 /* Release */ = {
			isa = XCBuildConfiguration;
			buildSettings = {
				COPY_PHASE_STRIP = YES;
				DEBUG_INFORMATION_FORMAT = "dwarf-with-dsym";
				GCC_ENABLE_FIX_AND_CONTINUE = NO;
				PRODUCT_NAME = Frameworks;
				ZERO_LINK = NO;
			};
			name = Release;
		};
		7C64B60B0B9284F1000A88D2 /* Debug */ = {
			isa = XCBuildConfiguration;
			buildSettings = {
				COPY_PHASE_STRIP = NO;
				GCC_DYNAMIC_NO_PIC = NO;
				GCC_ENABLE_FIX_AND_CONTINUE = YES;
				GCC_GENERATE_DEBUGGING_SYMBOLS = YES;
				GCC_MODEL_TUNING = G5;
				GCC_OPTIMIZATION_LEVEL = 0;
				INSTALL_PATH = "$(HOME)/bin";
				PREBINDING = NO;
				PRODUCT_NAME = iccCreateProbeImages;
				ZERO_LINK = YES;
			};
			name = Debug;
		};
		7C64B60C0B9284F1000A88D2 /* Release */ = {
			isa = XCBuildConfiguration;
			buildSettings = {
				COPY_PHASE_STRIP = YES;
				GCC_ENABLE_FIX_AND_CONTINUE = NO;
				GCC_GENERATE_DEBUGGING_SYMBOLS = NO;
				GCC_MODEL_TUNING = G5;
				INSTALL_PATH = "$(HOME)/bin";
				PREBINDING = NO;
				PRODUCT_NAME = iccCreateProbeImages;
				ZERO_LINK = NO;
			};
			name = Release;
		};
		7C8BFFF90B57257B00889B00 /* Debug */ = {
			isa = XCBuildConfiguration;
			buildSettings = {
				COPY_PHASE_STRIP = NO;
				GCC_DYNAMIC_NO_PIC = NO;
				GCC_ENABLE_FIX_AND_CONTINUE = YES;
				GCC_MODEL_TUNING = G5;
				GCC_OPTIMIZATION_LEVEL = 0;
				INSTALL_PATH = /usr/local/bin;
				PREBINDING = NO;
				PRODUCT_NAME = roundTripThroughPcsLabEncoding;
				ZERO_LINK = YES;
			};
			name = Debug;
		};
		7C8BFFFA0B57257B00889B00 /* Release */ = {
			isa = XCBuildConfiguration;
			buildSettings = {
				COPY_PHASE_STRIP = YES;
				DEBUG_INFORMATION_FORMAT = "dwarf-with-dsym";
				GCC_ENABLE_FIX_AND_CONTINUE = NO;
				GCC_MODEL_TUNING = G5;
				INSTALL_PATH = /usr/local/bin;
				PREBINDING = NO;
				PRODUCT_NAME = roundTripThroughPcsLabEncoding;
				ZERO_LINK = NO;
			};
			name = Release;
		};
		7CE0F4870AF04F9B002F2A93 /* Debug */ = {
			isa = XCBuildConfiguration;
			buildSettings = {
				COPY_PHASE_STRIP = NO;
				DEBUG_INFORMATION_FORMAT = dwarf;
				GCC_DYNAMIC_NO_PIC = NO;
				GCC_ENABLE_FIX_AND_CONTINUE = YES;
				GCC_GENERATE_DEBUGGING_SYMBOLS = YES;
				GCC_MODEL_TUNING = G5;
				GCC_OPTIMIZATION_LEVEL = 0;
				INSTALL_PATH = "$(HOME)/bin";
				PREBINDING = NO;
				PRODUCT_NAME = iccApplyNamedCmm;
				ZERO_LINK = YES;
			};
			name = Debug;
		};
		7CE0F4880AF04F9B002F2A93 /* Release */ = {
			isa = XCBuildConfiguration;
			buildSettings = {
				COPY_PHASE_STRIP = YES;
				DEBUG_INFORMATION_FORMAT = "dwarf-with-dsym";
				GCC_ENABLE_FIX_AND_CONTINUE = NO;
				GCC_GENERATE_DEBUGGING_SYMBOLS = NO;
				GCC_MODEL_TUNING = G5;
				INSTALL_PATH = "$(HOME)/bin";
				PREBINDING = NO;
				PRODUCT_NAME = iccApplyNamedCmm;
				ZERO_LINK = NO;
			};
			name = Release;
		};
		7CE0F48A0AF04F9B002F2A93 /* Debug */ = {
			isa = XCBuildConfiguration;
			buildSettings = {
				COPY_PHASE_STRIP = NO;
				DEBUG_INFORMATION_FORMAT = dwarf;
				GCC_DYNAMIC_NO_PIC = NO;
				GCC_ENABLE_FIX_AND_CONTINUE = YES;
				GCC_GENERATE_DEBUGGING_SYMBOLS = YES;
				GCC_MODEL_TUNING = G5;
				GCC_OPTIMIZATION_LEVEL = 0;
				INSTALL_PATH = "$(HOME)/bin";
				PREBINDING = NO;
				PRODUCT_NAME = iccApplyProfiles;
				ZERO_LINK = YES;
			};
			name = Debug;
		};
		7CE0F48B0AF04F9B002F2A93 /* Release */ = {
			isa = XCBuildConfiguration;
			buildSettings = {
				COPY_PHASE_STRIP = YES;
				DEBUG_INFORMATION_FORMAT = "dwarf-with-dsym";
				GCC_ENABLE_FIX_AND_CONTINUE = NO;
				GCC_GENERATE_DEBUGGING_SYMBOLS = NO;
				GCC_MODEL_TUNING = G5;
				INSTALL_PATH = "$(HOME)/bin";
				PREBINDING = NO;
				PRODUCT_NAME = iccApplyProfiles;
				ZERO_LINK = NO;
			};
			name = Release;
		};
		7CE0F48D0AF04F9B002F2A93 /* Debug */ = {
			isa = XCBuildConfiguration;
			buildSettings = {
				COPY_PHASE_STRIP = NO;
				DEBUG_INFORMATION_FORMAT = dwarf;
				GCC_DYNAMIC_NO_PIC = NO;
				GCC_ENABLE_FIX_AND_CONTINUE = YES;
				GCC_GENERATE_DEBUGGING_SYMBOLS = YES;
				GCC_OPTIMIZATION_LEVEL = 0;
				PREBINDING = NO;
				PRODUCT_NAME = iccCreateCLUTProfile;
				SKIP_INSTALL = NO;
				ZERO_LINK = YES;
			};
			name = Debug;
		};
		7CE0F48E0AF04F9B002F2A93 /* Release */ = {
			isa = XCBuildConfiguration;
			buildSettings = {
				COPY_PHASE_STRIP = YES;
				DEBUG_INFORMATION_FORMAT = "dwarf-with-dsym";
				GCC_ENABLE_FIX_AND_CONTINUE = NO;
				GCC_GENERATE_DEBUGGING_SYMBOLS = NO;
				GCC_MODEL_TUNING = G5;
				PREBINDING = NO;
				PRODUCT_NAME = iccCreateCLUTProfile;
				SKIP_INSTALL = NO;
				ZERO_LINK = NO;
			};
			name = Release;
		};
		7CE0F4900AF04F9B002F2A93 /* Debug */ = {
			isa = XCBuildConfiguration;
			buildSettings = {
				COPY_PHASE_STRIP = NO;
				DEBUG_INFORMATION_FORMAT = dwarf;
				GCC_DYNAMIC_NO_PIC = NO;
				GCC_ENABLE_FIX_AND_CONTINUE = YES;
				GCC_GENERATE_DEBUGGING_SYMBOLS = YES;
				GCC_MODEL_TUNING = G5;
				GCC_OPTIMIZATION_LEVEL = 0;
				INSTALL_PATH = "$(HOME)/bin";
				PREBINDING = NO;
				PRODUCT_NAME = iccDumpProfile;
				ZERO_LINK = YES;
			};
			name = Debug;
		};
		7CE0F4910AF04F9B002F2A93 /* Release */ = {
			isa = XCBuildConfiguration;
			buildSettings = {
				COPY_PHASE_STRIP = YES;
				DEBUG_INFORMATION_FORMAT = "dwarf-with-dsym";
				GCC_ENABLE_FIX_AND_CONTINUE = NO;
				GCC_GENERATE_DEBUGGING_SYMBOLS = NO;
				GCC_MODEL_TUNING = G5;
				INSTALL_PATH = "$(HOME)/bin";
				PREBINDING = NO;
				PRODUCT_NAME = iccDumpProfile;
				ZERO_LINK = NO;
			};
			name = Release;
		};
		7CE0F4930AF04F9B002F2A93 /* Debug */ = {
			isa = XCBuildConfiguration;
			buildSettings = {
				COPY_PHASE_STRIP = NO;
				DEBUG_INFORMATION_FORMAT = dwarf;
				GCC_DYNAMIC_NO_PIC = NO;
				GCC_ENABLE_FIX_AND_CONTINUE = YES;
				GCC_GENERATE_DEBUGGING_SYMBOLS = YES;
				GCC_MODEL_TUNING = G5;
				GCC_OPTIMIZATION_LEVEL = 0;
				INSTALL_PATH = "$(HOME)/bin";
				PREBINDING = NO;
				PRODUCT_NAME = iccProfLibTest;
				ZERO_LINK = YES;
			};
			name = Debug;
		};
		7CE0F4940AF04F9B002F2A93 /* Release */ = {
			isa = XCBuildConfiguration;
			buildSettings = {
				COPY_PHASE_STRIP = YES;
				DEBUG_INFORMATION_FORMAT = "dwarf-with-dsym";
				GCC_ENABLE_FIX_AND_CONTINUE = NO;
				GCC_GENERATE_DEBUGGING_SYMBOLS = NO;
				GCC_MODEL_TUNING = G5;
				INSTALL_PATH = "$(HOME)/bin";
				PREBINDING = NO;
				PRODUCT_NAME = iccProfLibTest;
				ZERO_LINK = NO;
			};
			name = Release;
		};
		7CE0F4EA0AF05161002F2A93 /* Debug */ = {
			isa = XCBuildConfiguration;
			buildSettings = {
				COPY_PHASE_STRIP = NO;
				DEBUG_INFORMATION_FORMAT = dwarf;
				GCC_DYNAMIC_NO_PIC = NO;
				GCC_ENABLE_FIX_AND_CONTINUE = YES;
				GCC_GENERATE_DEBUGGING_SYMBOLS = YES;
				GCC_MODEL_TUNING = G5;
				GCC_OPTIMIZATION_LEVEL = 0;
				INSTALL_PATH = "$(HOME)/bin";
				PREBINDING = NO;
				PRODUCT_NAME = iccFlattenAToBTag;
				ZERO_LINK = YES;
			};
			name = Debug;
		};
		7CE0F4EB0AF05161002F2A93 /* Release */ = {
			isa = XCBuildConfiguration;
			buildSettings = {
				COPY_PHASE_STRIP = YES;
				DEBUG_INFORMATION_FORMAT = "dwarf-with-dsym";
				GCC_ENABLE_FIX_AND_CONTINUE = NO;
				GCC_GENERATE_DEBUGGING_SYMBOLS = NO;
				GCC_MODEL_TUNING = G5;
				INSTALL_PATH = "$(HOME)/bin";
				PREBINDING = NO;
				PRODUCT_NAME = iccFlattenAToBTag;
				ZERO_LINK = NO;
			};
			name = Release;
		};
		7CE0F51D0AF05373002F2A93 /* Debug */ = {
			isa = XCBuildConfiguration;
			buildSettings = {
				COPY_PHASE_STRIP = NO;
				DEBUG_INFORMATION_FORMAT = dwarf;
				GCC_DYNAMIC_NO_PIC = NO;
				GCC_GENERATE_DEBUGGING_SYMBOLS = YES;
				GCC_OPTIMIZATION_LEVEL = 0;
				PRODUCT_NAME = Commands;
			};
			name = Debug;
		};
		7CE0F51E0AF05373002F2A93 /* Release */ = {
			isa = XCBuildConfiguration;
			buildSettings = {
				COPY_PHASE_STRIP = YES;
				DEBUG_INFORMATION_FORMAT = "dwarf-with-dsym";
				GCC_ENABLE_FIX_AND_CONTINUE = NO;
				GCC_GENERATE_DEBUGGING_SYMBOLS = NO;
				PRODUCT_NAME = Commands;
				ZERO_LINK = NO;
			};
			name = Release;
		};
		7CF6A6A40B555F390077F8CF /* Debug */ = {
			isa = XCBuildConfiguration;
			buildSettings = {
				COPY_PHASE_STRIP = NO;
				GCC_DYNAMIC_NO_PIC = NO;
				GCC_ENABLE_FIX_AND_CONTINUE = YES;
				GCC_MODEL_TUNING = G5;
				GCC_OPTIMIZATION_LEVEL = 0;
				INSTALL_PATH = /usr/local/bin;
				PREBINDING = NO;
				PRODUCT_NAME = iccReconstructMeasurements;
				ZERO_LINK = YES;
			};
			name = Debug;
		};
		7CF6A6A50B555F390077F8CF /* Release */ = {
			isa = XCBuildConfiguration;
			buildSettings = {
				COPY_PHASE_STRIP = YES;
				DEBUG_INFORMATION_FORMAT = "dwarf-with-dsym";
				FRAMEWORK_SEARCH_PATHS = "$(BUILT_PRODUCTS_DIR)";
				GCC_ENABLE_FIX_AND_CONTINUE = NO;
				GCC_MODEL_TUNING = G5;
				INSTALL_PATH = /usr/local/bin;
				PREBINDING = NO;
				PRODUCT_NAME = iccReconstructMeasurements;
				ZERO_LINK = NO;
			};
			name = Release;
		};
		7CFCDD530B5EF1AF00DBAA00 /* Debug */ = {
			isa = XCBuildConfiguration;
			buildSettings = {
				COPY_PHASE_STRIP = NO;
				GCC_DYNAMIC_NO_PIC = NO;
				GCC_OPTIMIZATION_LEVEL = 0;
				PRODUCT_NAME = All;
			};
			name = Debug;
		};
		7CFCDD540B5EF1AF00DBAA00 /* Release */ = {
			isa = XCBuildConfiguration;
			buildSettings = {
				COPY_PHASE_STRIP = YES;
				DEBUG_INFORMATION_FORMAT = "dwarf-with-dsym";
				GCC_ENABLE_FIX_AND_CONTINUE = NO;
				PRODUCT_NAME = All;
				ZERO_LINK = NO;
			};
			name = Release;
		};
/* End XCBuildConfiguration section */

/* Begin XCConfigurationList section */
		1DEB914E08733D8E0010E9CD /* Build configuration list for PBXProject "SampleICC" */ = {
			isa = XCConfigurationList;
			buildConfigurations = (
				1DEB914F08733D8E0010E9CD /* Debug */,
				1DEB915008733D8E0010E9CD /* Release */,
			);
			defaultConfigurationIsVisible = 0;
			defaultConfigurationName = Release;
		};
		7C333A0C0B1EA952006AB880 /* Build configuration list for PBXNativeTarget "iccV4ToMpe" */ = {
			isa = XCConfigurationList;
			buildConfigurations = (
				7C333A0D0B1EA952006AB880 /* Debug */,
				7C333A0E0B1EA952006AB880 /* Release */,
			);
			defaultConfigurationIsVisible = 0;
			defaultConfigurationName = Release;
		};
		7C49EA800B09116B00ADFFE7 /* Build configuration list for PBXNativeTarget "iccCreateTRCMatrixDisplayProfile" */ = {
			isa = XCConfigurationList;
			buildConfigurations = (
				7C49EA810B09116B00ADFFE7 /* Debug */,
				7C49EA820B09116B00ADFFE7 /* Release */,
			);
			defaultConfigurationIsVisible = 0;
			defaultConfigurationName = Release;
		};
		7C605E640B4B65AB00350479 /* Build configuration list for PBXNativeTarget "SampleICC" */ = {
			isa = XCConfigurationList;
			buildConfigurations = (
				7C605E650B4B65AB00350479 /* Debug */,
				7C605E660B4B65AB00350479 /* Release */,
			);
			defaultConfigurationIsVisible = 0;
			defaultConfigurationName = Release;
		};
		7C605EBA0B4B683500350479 /* Build configuration list for PBXNativeTarget "SampleICCToolUtils" */ = {
			isa = XCConfigurationList;
			buildConfigurations = (
				7C605EBB0B4B683500350479 /* Debug */,
				7C605EBC0B4B683500350479 /* Release */,
			);
			defaultConfigurationIsVisible = 0;
			defaultConfigurationName = Release;
		};
		7C605EFC0B4B6A7100350479 /* Build configuration list for PBXAggregateTarget "Frameworks" */ = {
			isa = XCConfigurationList;
			buildConfigurations = (
				7C605EFD0B4B6A7100350479 /* Debug */,
				7C605EFE0B4B6A7100350479 /* Release */,
			);
			defaultConfigurationIsVisible = 0;
			defaultConfigurationName = Release;
		};
		7C64B60A0B9284F1000A88D2 /* Build configuration list for PBXNativeTarget "iccCreateProbeImages" */ = {
			isa = XCConfigurationList;
			buildConfigurations = (
				7C64B60B0B9284F1000A88D2 /* Debug */,
				7C64B60C0B9284F1000A88D2 /* Release */,
			);
			defaultConfigurationIsVisible = 0;
			defaultConfigurationName = Release;
		};
		7C8BFFF80B57257B00889B00 /* Build configuration list for PBXNativeTarget "roundTripThroughPcsLabEncoding" */ = {
			isa = XCConfigurationList;
			buildConfigurations = (
				7C8BFFF90B57257B00889B00 /* Debug */,
				7C8BFFFA0B57257B00889B00 /* Release */,
			);
			defaultConfigurationIsVisible = 0;
			defaultConfigurationName = Release;
		};
		7CE0F4860AF04F9B002F2A93 /* Build configuration list for PBXNativeTarget "iccApplyNamedCmm" */ = {
			isa = XCConfigurationList;
			buildConfigurations = (
				7CE0F4870AF04F9B002F2A93 /* Debug */,
				7CE0F4880AF04F9B002F2A93 /* Release */,
			);
			defaultConfigurationIsVisible = 0;
			defaultConfigurationName = Release;
		};
		7CE0F4890AF04F9B002F2A93 /* Build configuration list for PBXNativeTarget "iccApplyProfiles" */ = {
			isa = XCConfigurationList;
			buildConfigurations = (
				7CE0F48A0AF04F9B002F2A93 /* Debug */,
				7CE0F48B0AF04F9B002F2A93 /* Release */,
			);
			defaultConfigurationIsVisible = 0;
			defaultConfigurationName = Release;
		};
		7CE0F48C0AF04F9B002F2A93 /* Build configuration list for PBXNativeTarget "iccCreateCLUTProfile" */ = {
			isa = XCConfigurationList;
			buildConfigurations = (
				7CE0F48D0AF04F9B002F2A93 /* Debug */,
				7CE0F48E0AF04F9B002F2A93 /* Release */,
			);
			defaultConfigurationIsVisible = 0;
			defaultConfigurationName = Release;
		};
		7CE0F48F0AF04F9B002F2A93 /* Build configuration list for PBXNativeTarget "iccDumpProfile" */ = {
			isa = XCConfigurationList;
			buildConfigurations = (
				7CE0F4900AF04F9B002F2A93 /* Debug */,
				7CE0F4910AF04F9B002F2A93 /* Release */,
			);
			defaultConfigurationIsVisible = 0;
			defaultConfigurationName = Release;
		};
		7CE0F4920AF04F9B002F2A93 /* Build configuration list for PBXNativeTarget "iccProfLibTest" */ = {
			isa = XCConfigurationList;
			buildConfigurations = (
				7CE0F4930AF04F9B002F2A93 /* Debug */,
				7CE0F4940AF04F9B002F2A93 /* Release */,
			);
			defaultConfigurationIsVisible = 0;
			defaultConfigurationName = Release;
		};
		7CE0F4E90AF05161002F2A93 /* Build configuration list for PBXNativeTarget "iccFlattenAToBTag" */ = {
			isa = XCConfigurationList;
			buildConfigurations = (
				7CE0F4EA0AF05161002F2A93 /* Debug */,
				7CE0F4EB0AF05161002F2A93 /* Release */,
			);
			defaultConfigurationIsVisible = 0;
			defaultConfigurationName = Release;
		};
		7CE0F51C0AF05373002F2A93 /* Build configuration list for PBXAggregateTarget "Commands" */ = {
			isa = XCConfigurationList;
			buildConfigurations = (
				7CE0F51D0AF05373002F2A93 /* Debug */,
				7CE0F51E0AF05373002F2A93 /* Release */,
			);
			defaultConfigurationIsVisible = 0;
			defaultConfigurationName = Release;
		};
		7CF6A6A30B555F390077F8CF /* Build configuration list for PBXNativeTarget "iccReconstructMeasurements" */ = {
			isa = XCConfigurationList;
			buildConfigurations = (
				7CF6A6A40B555F390077F8CF /* Debug */,
				7CF6A6A50B555F390077F8CF /* Release */,
			);
			defaultConfigurationIsVisible = 0;
			defaultConfigurationName = Release;
		};
		7CFCDD520B5EF1AF00DBAA00 /* Build configuration list for PBXAggregateTarget "All" */ = {
			isa = XCConfigurationList;
			buildConfigurations = (
				7CFCDD530B5EF1AF00DBAA00 /* Debug */,
				7CFCDD540B5EF1AF00DBAA00 /* Release */,
			);
			defaultConfigurationIsVisible = 0;
			defaultConfigurationName = Release;
		};
/* End XCConfigurationList section */
	};
	rootObject = 08FB7793FE84155DC02AAC07 /* Project object */;
}
